// !$*UTF8*$!
{
	archiveVersion = 1;
	classes = {
	};
	objectVersion = 50;
	objects = {

/* Begin PBXBuildFile section */
		0D0610632200B6900020CC85 /* HTZHomeData.plist in Resources */ = {isa = PBXBuildFile; fileRef = 0D0610622200B6900020CC85 /* HTZHomeData.plist */; };
		0D0DC0BF21F83CB100B67D35 /* HTZMessageBar.m in Sources */ = {isa = PBXBuildFile; fileRef = 0D0DC0BE21F83CB100B67D35 /* HTZMessageBar.m */; };
		0D0DC0CB21F8629900B67D35 /* HTZMessageCategoryCell.m in Sources */ = {isa = PBXBuildFile; fileRef = 0D0DC0C921F8629900B67D35 /* HTZMessageCategoryCell.m */; };
		0D0DC0CC21F8629A00B67D35 /* HTZMessageCategoryCell.xib in Resources */ = {isa = PBXBuildFile; fileRef = 0D0DC0CA21F8629900B67D35 /* HTZMessageCategoryCell.xib */; };
		0D0E33B62202A83D0035E70B /* HTZHomeVerticalButton.m in Sources */ = {isa = PBXBuildFile; fileRef = 0D0E33B52202A83D0035E70B /* HTZHomeVerticalButton.m */; };
		0D0E33BF2202B2F50035E70B /* UIImage+HTZExtension.m in Sources */ = {isa = PBXBuildFile; fileRef = 0D0E33BE2202B2F50035E70B /* UIImage+HTZExtension.m */; };
		0D0E67BC2205B6A4007429D4 /* HTZHomeOptionBarReplacementView.m in Sources */ = {isa = PBXBuildFile; fileRef = 0D0E67BB2205B6A4007429D4 /* HTZHomeOptionBarReplacementView.m */; };
		0D0E67C02205BBD0007429D4 /* HTZHomeOptionBarReplacementCell.m in Sources */ = {isa = PBXBuildFile; fileRef = 0D0E67BE2205BBD0007429D4 /* HTZHomeOptionBarReplacementCell.m */; };
		0D0E67C12205BBD0007429D4 /* HTZHomeOptionBarReplacementCell.xib in Resources */ = {isa = PBXBuildFile; fileRef = 0D0E67BF2205BBD0007429D4 /* HTZHomeOptionBarReplacementCell.xib */; };
		0D0E67C42205C7C0007429D4 /* HTZHomeTableViewHeader.m in Sources */ = {isa = PBXBuildFile; fileRef = 0D0E67C32205C7C0007429D4 /* HTZHomeTableViewHeader.m */; };
		0D13261A21FC411E00B0AD4E /* HTZHomeTableView.m in Sources */ = {isa = PBXBuildFile; fileRef = 0D13261921FC411E00B0AD4E /* HTZHomeTableView.m */; };
		0D14F55021F71E08003D51D9 /* HTZLeftIntervalLabel.m in Sources */ = {isa = PBXBuildFile; fileRef = 0D14F54F21F71E08003D51D9 /* HTZLeftIntervalLabel.m */; };
		0D1FDB4121F49DCB00658F74 /* HTZProductionPlanItem.m in Sources */ = {isa = PBXBuildFile; fileRef = 0D1FDB3F21F49DCB00658F74 /* HTZProductionPlanItem.m */; };
		0D20754721E83E9300A99694 /* HTZSystemTool.m in Sources */ = {isa = PBXBuildFile; fileRef = 0D20754621E83E9300A99694 /* HTZSystemTool.m */; };
		0D20754D21E877BF00A99694 /* HTZPlaceOrderViewController.m in Sources */ = {isa = PBXBuildFile; fileRef = 0D20754B21E877BF00A99694 /* HTZPlaceOrderViewController.m */; };
		0D20754E21E877BF00A99694 /* HTZPlaceOrderViewController.xib in Resources */ = {isa = PBXBuildFile; fileRef = 0D20754C21E877BF00A99694 /* HTZPlaceOrderViewController.xib */; };
		0D22931E21F5771B00917B3B /* HTZMyTemplateItem.m in Sources */ = {isa = PBXBuildFile; fileRef = 0D22931D21F5771B00917B3B /* HTZMyTemplateItem.m */; };
		0D22932121F57A7200917B3B /* HTZMyDraftItem.m in Sources */ = {isa = PBXBuildFile; fileRef = 0D22932021F57A7200917B3B /* HTZMyDraftItem.m */; };
		0D22932521F57AA600917B3B /* HTZMyDraftCell.m in Sources */ = {isa = PBXBuildFile; fileRef = 0D22932321F57AA600917B3B /* HTZMyDraftCell.m */; };
		0D22932621F57AA600917B3B /* HTZMyDraftCell.xib in Resources */ = {isa = PBXBuildFile; fileRef = 0D22932421F57AA600917B3B /* HTZMyDraftCell.xib */; };
		0D2905A021E1C43600D83D60 /* HTZPersonalInformationViewController.m in Sources */ = {isa = PBXBuildFile; fileRef = 0D29059E21E1C43600D83D60 /* HTZPersonalInformationViewController.m */; };
		0D2905A121E1C43600D83D60 /* HTZPersonalInformationViewController.xib in Resources */ = {isa = PBXBuildFile; fileRef = 0D29059F21E1C43600D83D60 /* HTZPersonalInformationViewController.xib */; };
		0D2905A521E1C7F900D83D60 /* HTZOriginalModifyPasswordViewController.m in Sources */ = {isa = PBXBuildFile; fileRef = 0D2905A321E1C7F900D83D60 /* HTZOriginalModifyPasswordViewController.m */; };
		0D2905A621E1C7F900D83D60 /* HTZOriginalModifyPasswordViewController.xib in Resources */ = {isa = PBXBuildFile; fileRef = 0D2905A421E1C7F900D83D60 /* HTZOriginalModifyPasswordViewController.xib */; };
		0D2905AA21E1C87600D83D60 /* HTZInviteFriendsViewController.m in Sources */ = {isa = PBXBuildFile; fileRef = 0D2905A821E1C87600D83D60 /* HTZInviteFriendsViewController.m */; };
		0D2905AB21E1C87600D83D60 /* HTZInviteFriendsViewController.xib in Resources */ = {isa = PBXBuildFile; fileRef = 0D2905A921E1C87600D83D60 /* HTZInviteFriendsViewController.xib */; };
		0D2905AF21E1C8CD00D83D60 /* HTZAdviceFeedbackViewController.m in Sources */ = {isa = PBXBuildFile; fileRef = 0D2905AD21E1C8CD00D83D60 /* HTZAdviceFeedbackViewController.m */; };
		0D2905B021E1C8CD00D83D60 /* HTZAdviceFeedbackViewController.xib in Resources */ = {isa = PBXBuildFile; fileRef = 0D2905AE21E1C8CD00D83D60 /* HTZAdviceFeedbackViewController.xib */; };
		0D2905B421E1C91200D83D60 /* HTZSettingViewController.m in Sources */ = {isa = PBXBuildFile; fileRef = 0D2905B221E1C91200D83D60 /* HTZSettingViewController.m */; };
		0D2905B521E1C91200D83D60 /* HTZSettingViewController.xib in Resources */ = {isa = PBXBuildFile; fileRef = 0D2905B321E1C91200D83D60 /* HTZSettingViewController.xib */; };
		0D294D682205FFDA0031B30A /* HTZHomeTableViewHeaderItem.m in Sources */ = {isa = PBXBuildFile; fileRef = 0D294D672205FFDA0031B30A /* HTZHomeTableViewHeaderItem.m */; };
		0D2A9F9E21EECBBF00FB2191 /* HTZSelectView.m in Sources */ = {isa = PBXBuildFile; fileRef = 0D2A9F9D21EECBBF00FB2191 /* HTZSelectView.m */; };
		0D2AD25D21E740ED0086B4EE /* HTZModifyPersonalInformationViewController.m in Sources */ = {isa = PBXBuildFile; fileRef = 0D2AD25B21E740ED0086B4EE /* HTZModifyPersonalInformationViewController.m */; };
		0D2AD25E21E740ED0086B4EE /* HTZModifyPersonalInformationViewController.xib in Resources */ = {isa = PBXBuildFile; fileRef = 0D2AD25C21E740ED0086B4EE /* HTZModifyPersonalInformationViewController.xib */; };
		0D2AD26621E756C80086B4EE /* HTZAboutUsViewController.m in Sources */ = {isa = PBXBuildFile; fileRef = 0D2AD26421E756C80086B4EE /* HTZAboutUsViewController.m */; };
		0D2AD26721E756C80086B4EE /* HTZAboutUsViewController.xib in Resources */ = {isa = PBXBuildFile; fileRef = 0D2AD26521E756C80086B4EE /* HTZAboutUsViewController.xib */; };
		0D33435F21E7BAAC00332163 /* HTZRegisterSuccessViewController.m in Sources */ = {isa = PBXBuildFile; fileRef = 0D33434D21E7BAAC00332163 /* HTZRegisterSuccessViewController.m */; };
		0D33436021E7BAAC00332163 /* HTZRegisterViewController.xib in Resources */ = {isa = PBXBuildFile; fileRef = 0D33435021E7BAAC00332163 /* HTZRegisterViewController.xib */; };
		0D33436121E7BAAC00332163 /* HTZForgetPasswordViewController.m in Sources */ = {isa = PBXBuildFile; fileRef = 0D33435121E7BAAC00332163 /* HTZForgetPasswordViewController.m */; };
		0D33436221E7BAAD00332163 /* HTZModifyPasswordViewController.xib in Resources */ = {isa = PBXBuildFile; fileRef = 0D33435321E7BAAC00332163 /* HTZModifyPasswordViewController.xib */; };
		0D33436321E7BAAD00332163 /* HTZModifyPasswordViewController.m in Sources */ = {isa = PBXBuildFile; fileRef = 0D33435421E7BAAC00332163 /* HTZModifyPasswordViewController.m */; };
		0D33436421E7BAAD00332163 /* HTZPerfectInformationViewController.xib in Resources */ = {isa = PBXBuildFile; fileRef = 0D33435521E7BAAC00332163 /* HTZPerfectInformationViewController.xib */; };
		0D33436521E7BAAD00332163 /* HTZLoginViewController.m in Sources */ = {isa = PBXBuildFile; fileRef = 0D33435621E7BAAC00332163 /* HTZLoginViewController.m */; };
		0D33436621E7BAAD00332163 /* HTZPerfectInformationViewController.m in Sources */ = {isa = PBXBuildFile; fileRef = 0D33435721E7BAAC00332163 /* HTZPerfectInformationViewController.m */; };
		0D33436721E7BAAD00332163 /* HTZRegisterSuccessViewController.xib in Resources */ = {isa = PBXBuildFile; fileRef = 0D33435A21E7BAAC00332163 /* HTZRegisterSuccessViewController.xib */; };
		0D33436821E7BAAD00332163 /* HTZRegisterViewController.m in Sources */ = {isa = PBXBuildFile; fileRef = 0D33435B21E7BAAC00332163 /* HTZRegisterViewController.m */; };
		0D33436921E7BAAD00332163 /* HTZForgetPasswordViewController.xib in Resources */ = {isa = PBXBuildFile; fileRef = 0D33435C21E7BAAC00332163 /* HTZForgetPasswordViewController.xib */; };
		0D33436A21E7BAAD00332163 /* HTZLoginViewController.xib in Resources */ = {isa = PBXBuildFile; fileRef = 0D33435D21E7BAAC00332163 /* HTZLoginViewController.xib */; };
		0D33436D21E7BC0D00332163 /* HTZOrderDetailViewController.m in Sources */ = {isa = PBXBuildFile; fileRef = 0D33436C21E7BC0D00332163 /* HTZOrderDetailViewController.m */; };
		0D43B30221F241FA00690E28 /* HTZPlaceOrderPreviewViewController.m in Sources */ = {isa = PBXBuildFile; fileRef = 0D43B30021F241FA00690E28 /* HTZPlaceOrderPreviewViewController.m */; };
		0D43B30321F241FA00690E28 /* HTZPlaceOrderPreviewViewController.xib in Resources */ = {isa = PBXBuildFile; fileRef = 0D43B30121F241FA00690E28 /* HTZPlaceOrderPreviewViewController.xib */; };
		0D43B30721F244A800690E28 /* HTZProductionPlanViewController.m in Sources */ = {isa = PBXBuildFile; fileRef = 0D43B30521F244A800690E28 /* HTZProductionPlanViewController.m */; };
		0D43B30821F244A800690E28 /* HTZProductionPlanViewController.xib in Resources */ = {isa = PBXBuildFile; fileRef = 0D43B30621F244A800690E28 /* HTZProductionPlanViewController.xib */; };
		0D43B30C21F2476D00690E28 /* HTZWaybillManagementViewController.m in Sources */ = {isa = PBXBuildFile; fileRef = 0D43B30A21F2476D00690E28 /* HTZWaybillManagementViewController.m */; };
		0D43B30D21F2476D00690E28 /* HTZWaybillManagementViewController.xib in Resources */ = {isa = PBXBuildFile; fileRef = 0D43B30B21F2476D00690E28 /* HTZWaybillManagementViewController.xib */; };
		0D5C0B3921E2573500BA0974 /* HTZSettingData.plist in Resources */ = {isa = PBXBuildFile; fileRef = 0D5C0B3821E2573400BA0974 /* HTZSettingData.plist */; };
		0D5C0B3B21E2632100BA0974 /* HTZOrderViewController.xib in Resources */ = {isa = PBXBuildFile; fileRef = 0D5C0B3A21E2632100BA0974 /* HTZOrderViewController.xib */; };
		0D5C40B721EA505F0053B6F2 /* HTZTextField.m in Sources */ = {isa = PBXBuildFile; fileRef = 0D5C40B621EA505F0053B6F2 /* HTZTextField.m */; };
		0D6774ED21F36C8200D9B728 /* HTZProductionPlanCell.m in Sources */ = {isa = PBXBuildFile; fileRef = 0D6774EB21F36C8200D9B728 /* HTZProductionPlanCell.m */; };
		0D6774EE21F36C8200D9B728 /* HTZProductionPlanCell.xib in Resources */ = {isa = PBXBuildFile; fileRef = 0D6774EC21F36C8200D9B728 /* HTZProductionPlanCell.xib */; };
		0D6774F221F379A100D9B728 /* HTZSettingCell.m in Sources */ = {isa = PBXBuildFile; fileRef = 0D6774F021F379A100D9B728 /* HTZSettingCell.m */; };
		0D6774F321F379A100D9B728 /* HTZSettingCell.xib in Resources */ = {isa = PBXBuildFile; fileRef = 0D6774F121F379A100D9B728 /* HTZSettingCell.xib */; };
		0D6774F621F389D000D9B728 /* HTZSettingItem.m in Sources */ = {isa = PBXBuildFile; fileRef = 0D6774F521F389D000D9B728 /* HTZSettingItem.m */; };
		0D69AC0C21F7348F00D70F64 /* HTZMessageCategoryData.plist in Resources */ = {isa = PBXBuildFile; fileRef = 0D69AC0B21F7348F00D70F64 /* HTZMessageCategoryData.plist */; };
		0D69AC1221F7357E00D70F64 /* HTZMessageCategoryItem.m in Sources */ = {isa = PBXBuildFile; fileRef = 0D69AC1121F7357E00D70F64 /* HTZMessageCategoryItem.m */; };
		0D6D467B21E345EE00D9C073 /* HTZProgressHUD.m in Sources */ = {isa = PBXBuildFile; fileRef = 0D6D467A21E345EE00D9C073 /* HTZProgressHUD.m */; };
		0D96920621E3C05300A71DE7 /* HTZOrderCategoryCell.m in Sources */ = {isa = PBXBuildFile; fileRef = 0D96920421E3C05300A71DE7 /* HTZOrderCategoryCell.m */; };
		0D96920721E3C05300A71DE7 /* HTZOrderCategoryCell.xib in Resources */ = {isa = PBXBuildFile; fileRef = 0D96920521E3C05300A71DE7 /* HTZOrderCategoryCell.xib */; };
		0D96920B21E3C0AC00A71DE7 /* HTZOrderCell.m in Sources */ = {isa = PBXBuildFile; fileRef = 0D96920921E3C0AC00A71DE7 /* HTZOrderCell.m */; };
		0D96920C21E3C0AC00A71DE7 /* HTZOrderCell.xib in Resources */ = {isa = PBXBuildFile; fileRef = 0D96920A21E3C0AC00A71DE7 /* HTZOrderCell.xib */; };
		0DBF8A38220BFC11007546D1 /* HTZHomeBannerCell.m in Sources */ = {isa = PBXBuildFile; fileRef = 0DBF8A37220BFC11007546D1 /* HTZHomeBannerCell.m */; };
		0DBF8A3B220C09FE007546D1 /* HTZHomeBannerItem.m in Sources */ = {isa = PBXBuildFile; fileRef = 0DBF8A3A220C09FE007546D1 /* HTZHomeBannerItem.m */; };
		0DBF8A3E220C0CEA007546D1 /* HTZWeakTimerTarget.m in Sources */ = {isa = PBXBuildFile; fileRef = 0DBF8A3D220C0CEA007546D1 /* HTZWeakTimerTarget.m */; };
		0DCF2FB821F62DA00016E9AB /* HTZMessageItem.m in Sources */ = {isa = PBXBuildFile; fileRef = 0DCF2FB721F62DA00016E9AB /* HTZMessageItem.m */; };
		0DCF2FBC21F62DD40016E9AB /* HTZMessageCell.m in Sources */ = {isa = PBXBuildFile; fileRef = 0DCF2FBA21F62DD40016E9AB /* HTZMessageCell.m */; };
		0DCF2FBD21F62DD40016E9AB /* HTZMessageCell.xib in Resources */ = {isa = PBXBuildFile; fileRef = 0DCF2FBB21F62DD40016E9AB /* HTZMessageCell.xib */; };
		0DDA16C521E50AC800C1F65F /* HTZOrderCategoryItem.m in Sources */ = {isa = PBXBuildFile; fileRef = 0DDA16C421E50AC800C1F65F /* HTZOrderCategoryItem.m */; };
		0DDA16C821E50ADE00C1F65F /* HTZOrderItem.m in Sources */ = {isa = PBXBuildFile; fileRef = 0DDA16C721E50ADE00C1F65F /* HTZOrderItem.m */; };
		0DDB2F9921D7C62400339101 /* UIColor+HTZHex.m in Sources */ = {isa = PBXBuildFile; fileRef = 0DDB2F9821D7C62400339101 /* UIColor+HTZHex.m */; };
		0DDB2F9C21D7C74100339101 /* NSString+HTZExtension.m in Sources */ = {isa = PBXBuildFile; fileRef = 0DDB2F9B21D7C74100339101 /* NSString+HTZExtension.m */; };
		0DDB2F9F21D7C82F00339101 /* UIView+HTZBezier.m in Sources */ = {isa = PBXBuildFile; fileRef = 0DDB2F9E21D7C82F00339101 /* UIView+HTZBezier.m */; };
		0DDB2FA321D7CDEE00339101 /* HTZGlobeConst.m in Sources */ = {isa = PBXBuildFile; fileRef = 0DDB2FA221D7CDEE00339101 /* HTZGlobeConst.m */; };
		0DDB2FA621D7CF7200339101 /* HTZNetworkTool.m in Sources */ = {isa = PBXBuildFile; fileRef = 0DDB2FA521D7CF7200339101 /* HTZNetworkTool.m */; };
		0DDB2FA921D7CFCD00339101 /* HTZBaseViewController.m in Sources */ = {isa = PBXBuildFile; fileRef = 0DDB2FA821D7CFCD00339101 /* HTZBaseViewController.m */; };
		0DDB2FAC21D7D0B100339101 /* HTZHomeViewController.m in Sources */ = {isa = PBXBuildFile; fileRef = 0DDB2FAB21D7D0B100339101 /* HTZHomeViewController.m */; };
		0DDB2FAF21D7D0DF00339101 /* HTZOrderViewController.m in Sources */ = {isa = PBXBuildFile; fileRef = 0DDB2FAE21D7D0DF00339101 /* HTZOrderViewController.m */; };
		0DDB2FB221D7D10F00339101 /* HTZPlatformViewController.m in Sources */ = {isa = PBXBuildFile; fileRef = 0DDB2FB121D7D10F00339101 /* HTZPlatformViewController.m */; };
		0DDB2FB521D7D14300339101 /* HTZMeViewController.m in Sources */ = {isa = PBXBuildFile; fileRef = 0DDB2FB421D7D14300339101 /* HTZMeViewController.m */; };
		0DDFF31321EB7BB30034D972 /* HTZMyTemplateViewController.m in Sources */ = {isa = PBXBuildFile; fileRef = 0DDFF31121EB7BB30034D972 /* HTZMyTemplateViewController.m */; };
		0DDFF31421EB7BB30034D972 /* HTZMyTemplateViewController.xib in Resources */ = {isa = PBXBuildFile; fileRef = 0DDFF31221EB7BB30034D972 /* HTZMyTemplateViewController.xib */; };
		0DDFF31821EB7F7D0034D972 /* HTZCreateTemplateViewController.m in Sources */ = {isa = PBXBuildFile; fileRef = 0DDFF31621EB7F7D0034D972 /* HTZCreateTemplateViewController.m */; };
		0DDFF31921EB7F7D0034D972 /* HTZCreateTemplateViewController.xib in Resources */ = {isa = PBXBuildFile; fileRef = 0DDFF31721EB7F7D0034D972 /* HTZCreateTemplateViewController.xib */; };
		0DDFF31D21EB84310034D972 /* HTZMyTemplateCell.m in Sources */ = {isa = PBXBuildFile; fileRef = 0DDFF31B21EB84310034D972 /* HTZMyTemplateCell.m */; };
		0DDFF31E21EB84310034D972 /* HTZMyTemplateCell.xib in Resources */ = {isa = PBXBuildFile; fileRef = 0DDFF31C21EB84310034D972 /* HTZMyTemplateCell.xib */; };
		0DDFF32221EB8A1E0034D972 /* HTZMyDraftViewController.m in Sources */ = {isa = PBXBuildFile; fileRef = 0DDFF32021EB8A1E0034D972 /* HTZMyDraftViewController.m */; };
		0DDFF32321EB8A1E0034D972 /* HTZMyDraftViewController.xib in Resources */ = {isa = PBXBuildFile; fileRef = 0DDFF32121EB8A1E0034D972 /* HTZMyDraftViewController.xib */; };
		0DDFF32721EB8ECC0034D972 /* HTZMessageCenterViewController.m in Sources */ = {isa = PBXBuildFile; fileRef = 0DDFF32521EB8ECC0034D972 /* HTZMessageCenterViewController.m */; };
		0DDFF32821EB8ECC0034D972 /* HTZMessageCenterViewController.xib in Resources */ = {isa = PBXBuildFile; fileRef = 0DDFF32621EB8ECC0034D972 /* HTZMessageCenterViewController.xib */; };
		0DDFF32C21EB90A20034D972 /* HTZMessageDetailViewController.m in Sources */ = {isa = PBXBuildFile; fileRef = 0DDFF32A21EB90A20034D972 /* HTZMessageDetailViewController.m */; };
		0DDFF32D21EB90A20034D972 /* HTZMessageDetailViewController.xib in Resources */ = {isa = PBXBuildFile; fileRef = 0DDFF32B21EB90A20034D972 /* HTZMessageDetailViewController.xib */; };
		0DE33C9121E10FD600B54302 /* HTZMeTableViewHeader.m in Sources */ = {isa = PBXBuildFile; fileRef = 0DE33C9021E10FD600B54302 /* HTZMeTableViewHeader.m */; };
		0DE33C9321E10FFB00B54302 /* HTZMeTableViewHeader.xib in Resources */ = {isa = PBXBuildFile; fileRef = 0DE33C9221E10FFB00B54302 /* HTZMeTableViewHeader.xib */; };
		0DF0BAE121E0644C004A5573 /* HTZMeViewController.xib in Resources */ = {isa = PBXBuildFile; fileRef = 0DF0BAE021E0644C004A5573 /* HTZMeViewController.xib */; };
		0DF0BAE521E06B63004A5573 /* HTZMeCell.m in Sources */ = {isa = PBXBuildFile; fileRef = 0DF0BAE321E06B63004A5573 /* HTZMeCell.m */; };
		0DF0BAE621E06B63004A5573 /* HTZMeCell.xib in Resources */ = {isa = PBXBuildFile; fileRef = 0DF0BAE421E06B63004A5573 /* HTZMeCell.xib */; };
		0DF0BAE921E06F1A004A5573 /* HTZMeItem.m in Sources */ = {isa = PBXBuildFile; fileRef = 0DF0BAE821E06F1A004A5573 /* HTZMeItem.m */; };
		0DF0BAEB21E07065004A5573 /* HTZMeData.plist in Resources */ = {isa = PBXBuildFile; fileRef = 0DF0BAEA21E07065004A5573 /* HTZMeData.plist */; };
		0DF4B7D221CF6105006E6E80 /* Assets.xcassets in Resources */ = {isa = PBXBuildFile; fileRef = 0DF4B7D121CF6105006E6E80 /* Assets.xcassets */; };
		0DF4B7D521CF6105006E6E80 /* LaunchScreen.storyboard in Resources */ = {isa = PBXBuildFile; fileRef = 0DF4B7D321CF6105006E6E80 /* LaunchScreen.storyboard */; };
		0DF4B7F821CF854D006E6E80 /* main.m in Sources */ = {isa = PBXBuildFile; fileRef = 0DF4B7EF21CF854D006E6E80 /* main.m */; };
		0DF4B7F921CF854D006E6E80 /* AppDelegate.m in Sources */ = {isa = PBXBuildFile; fileRef = 0DF4B7F121CF854D006E6E80 /* AppDelegate.m */; };
		0DF4B80A21CF87CF006E6E80 /* HTZTabBarController.m in Sources */ = {isa = PBXBuildFile; fileRef = 0DF4B80921CF87CF006E6E80 /* HTZTabBarController.m */; };
		0DF4B80D21CF8BF3006E6E80 /* HTZNavigationController.m in Sources */ = {isa = PBXBuildFile; fileRef = 0DF4B80C21CF8BF3006E6E80 /* HTZNavigationController.m */; };
		0DF4B81021CF9166006E6E80 /* UIView+HTZFrame.m in Sources */ = {isa = PBXBuildFile; fileRef = 0DF4B80F21CF9166006E6E80 /* UIView+HTZFrame.m */; };
		0DF4B81321CF9DFA006E6E80 /* UIBarButtonItem+HTZExtension.m in Sources */ = {isa = PBXBuildFile; fileRef = 0DF4B81221CF9DFA006E6E80 /* UIBarButtonItem+HTZExtension.m */; };
		0DF6218721F9A08F00B27171 /* HTZTabBarData.plist in Resources */ = {isa = PBXBuildFile; fileRef = 0DF6218621F9A08F00B27171 /* HTZTabBarData.plist */; };
		0DFE97252200625E000764F8 /* HTZHomeOptionBarView.m in Sources */ = {isa = PBXBuildFile; fileRef = 0DFE97242200625E000764F8 /* HTZHomeOptionBarView.m */; };
		0DFE97282200629B000764F8 /* HTZHomeBannerView.m in Sources */ = {isa = PBXBuildFile; fileRef = 0DFE97272200629B000764F8 /* HTZHomeBannerView.m */; };
		0DFE972C22006FF0000764F8 /* HTZHomeOptionBarCell.m in Sources */ = {isa = PBXBuildFile; fileRef = 0DFE972A22006FF0000764F8 /* HTZHomeOptionBarCell.m */; };
		0DFE972D22006FF0000764F8 /* HTZHomeOptionBarCell.xib in Resources */ = {isa = PBXBuildFile; fileRef = 0DFE972B22006FF0000764F8 /* HTZHomeOptionBarCell.xib */; };
		0DFE9730220070C0000764F8 /* HTZHomeOptionBarItem.m in Sources */ = {isa = PBXBuildFile; fileRef = 0DFE972F220070C0000764F8 /* HTZHomeOptionBarItem.m */; };
		CA6A6106655A472D76F901B0 /* libPods-HaoTongZhi.a in Frameworks */ = {isa = PBXBuildFile; fileRef = 0823FCE57FDF0E59B8B66823 /* libPods-HaoTongZhi.a */; };
/* End PBXBuildFile section */

/* Begin PBXFileReference section */
		0823FCE57FDF0E59B8B66823 /* libPods-HaoTongZhi.a */ = {isa = PBXFileReference; explicitFileType = archive.ar; includeInIndex = 0; path = "libPods-HaoTongZhi.a"; sourceTree = BUILT_PRODUCTS_DIR; };
		0D0610622200B6900020CC85 /* HTZHomeData.plist */ = {isa = PBXFileReference; lastKnownFileType = text.plist.xml; path = HTZHomeData.plist; sourceTree = "<group>"; };
		0D0DC0BD21F83CB100B67D35 /* HTZMessageBar.h */ = {isa = PBXFileReference; lastKnownFileType = sourcecode.c.h; path = HTZMessageBar.h; sourceTree = "<group>"; };
		0D0DC0BE21F83CB100B67D35 /* HTZMessageBar.m */ = {isa = PBXFileReference; lastKnownFileType = sourcecode.c.objc; path = HTZMessageBar.m; sourceTree = "<group>"; };
		0D0DC0C821F8629900B67D35 /* HTZMessageCategoryCell.h */ = {isa = PBXFileReference; lastKnownFileType = sourcecode.c.h; path = HTZMessageCategoryCell.h; sourceTree = "<group>"; };
		0D0DC0C921F8629900B67D35 /* HTZMessageCategoryCell.m */ = {isa = PBXFileReference; lastKnownFileType = sourcecode.c.objc; path = HTZMessageCategoryCell.m; sourceTree = "<group>"; };
		0D0DC0CA21F8629900B67D35 /* HTZMessageCategoryCell.xib */ = {isa = PBXFileReference; lastKnownFileType = file.xib; path = HTZMessageCategoryCell.xib; sourceTree = "<group>"; };
		0D0E33B42202A83D0035E70B /* HTZHomeVerticalButton.h */ = {isa = PBXFileReference; lastKnownFileType = sourcecode.c.h; path = HTZHomeVerticalButton.h; sourceTree = "<group>"; };
		0D0E33B52202A83D0035E70B /* HTZHomeVerticalButton.m */ = {isa = PBXFileReference; lastKnownFileType = sourcecode.c.objc; path = HTZHomeVerticalButton.m; sourceTree = "<group>"; };
		0D0E33BD2202B2F50035E70B /* UIImage+HTZExtension.h */ = {isa = PBXFileReference; lastKnownFileType = sourcecode.c.h; path = "UIImage+HTZExtension.h"; sourceTree = "<group>"; };
		0D0E33BE2202B2F50035E70B /* UIImage+HTZExtension.m */ = {isa = PBXFileReference; lastKnownFileType = sourcecode.c.objc; path = "UIImage+HTZExtension.m"; sourceTree = "<group>"; };
		0D0E67BA2205B6A4007429D4 /* HTZHomeOptionBarReplacementView.h */ = {isa = PBXFileReference; lastKnownFileType = sourcecode.c.h; path = HTZHomeOptionBarReplacementView.h; sourceTree = "<group>"; };
		0D0E67BB2205B6A4007429D4 /* HTZHomeOptionBarReplacementView.m */ = {isa = PBXFileReference; lastKnownFileType = sourcecode.c.objc; path = HTZHomeOptionBarReplacementView.m; sourceTree = "<group>"; };
		0D0E67BD2205BBD0007429D4 /* HTZHomeOptionBarReplacementCell.h */ = {isa = PBXFileReference; lastKnownFileType = sourcecode.c.h; path = HTZHomeOptionBarReplacementCell.h; sourceTree = "<group>"; };
		0D0E67BE2205BBD0007429D4 /* HTZHomeOptionBarReplacementCell.m */ = {isa = PBXFileReference; lastKnownFileType = sourcecode.c.objc; path = HTZHomeOptionBarReplacementCell.m; sourceTree = "<group>"; };
		0D0E67BF2205BBD0007429D4 /* HTZHomeOptionBarReplacementCell.xib */ = {isa = PBXFileReference; lastKnownFileType = file.xib; path = HTZHomeOptionBarReplacementCell.xib; sourceTree = "<group>"; };
		0D0E67C22205C7C0007429D4 /* HTZHomeTableViewHeader.h */ = {isa = PBXFileReference; lastKnownFileType = sourcecode.c.h; path = HTZHomeTableViewHeader.h; sourceTree = "<group>"; };
		0D0E67C32205C7C0007429D4 /* HTZHomeTableViewHeader.m */ = {isa = PBXFileReference; lastKnownFileType = sourcecode.c.objc; path = HTZHomeTableViewHeader.m; sourceTree = "<group>"; };
		0D13261821FC411E00B0AD4E /* HTZHomeTableView.h */ = {isa = PBXFileReference; lastKnownFileType = sourcecode.c.h; path = HTZHomeTableView.h; sourceTree = "<group>"; };
		0D13261921FC411E00B0AD4E /* HTZHomeTableView.m */ = {isa = PBXFileReference; lastKnownFileType = sourcecode.c.objc; path = HTZHomeTableView.m; sourceTree = "<group>"; };
		0D14F54E21F71E08003D51D9 /* HTZLeftIntervalLabel.h */ = {isa = PBXFileReference; lastKnownFileType = sourcecode.c.h; path = HTZLeftIntervalLabel.h; sourceTree = "<group>"; };
		0D14F54F21F71E08003D51D9 /* HTZLeftIntervalLabel.m */ = {isa = PBXFileReference; lastKnownFileType = sourcecode.c.objc; path = HTZLeftIntervalLabel.m; sourceTree = "<group>"; };
		0D1FDB3F21F49DCB00658F74 /* HTZProductionPlanItem.m */ = {isa = PBXFileReference; fileEncoding = 4; lastKnownFileType = sourcecode.c.objc; path = HTZProductionPlanItem.m; sourceTree = "<group>"; };
		0D1FDB4021F49DCB00658F74 /* HTZProductionPlanItem.h */ = {isa = PBXFileReference; fileEncoding = 4; lastKnownFileType = sourcecode.c.h; path = HTZProductionPlanItem.h; sourceTree = "<group>"; };
		0D20754521E83E9300A99694 /* HTZSystemTool.h */ = {isa = PBXFileReference; lastKnownFileType = sourcecode.c.h; path = HTZSystemTool.h; sourceTree = "<group>"; };
		0D20754621E83E9300A99694 /* HTZSystemTool.m */ = {isa = PBXFileReference; lastKnownFileType = sourcecode.c.objc; path = HTZSystemTool.m; sourceTree = "<group>"; };
		0D20754A21E877BF00A99694 /* HTZPlaceOrderViewController.h */ = {isa = PBXFileReference; lastKnownFileType = sourcecode.c.h; path = HTZPlaceOrderViewController.h; sourceTree = "<group>"; };
		0D20754B21E877BF00A99694 /* HTZPlaceOrderViewController.m */ = {isa = PBXFileReference; lastKnownFileType = sourcecode.c.objc; path = HTZPlaceOrderViewController.m; sourceTree = "<group>"; };
		0D20754C21E877BF00A99694 /* HTZPlaceOrderViewController.xib */ = {isa = PBXFileReference; lastKnownFileType = file.xib; path = HTZPlaceOrderViewController.xib; sourceTree = "<group>"; };
		0D22931C21F5771B00917B3B /* HTZMyTemplateItem.h */ = {isa = PBXFileReference; lastKnownFileType = sourcecode.c.h; path = HTZMyTemplateItem.h; sourceTree = "<group>"; };
		0D22931D21F5771B00917B3B /* HTZMyTemplateItem.m */ = {isa = PBXFileReference; lastKnownFileType = sourcecode.c.objc; path = HTZMyTemplateItem.m; sourceTree = "<group>"; };
		0D22931F21F57A7200917B3B /* HTZMyDraftItem.h */ = {isa = PBXFileReference; lastKnownFileType = sourcecode.c.h; path = HTZMyDraftItem.h; sourceTree = "<group>"; };
		0D22932021F57A7200917B3B /* HTZMyDraftItem.m */ = {isa = PBXFileReference; lastKnownFileType = sourcecode.c.objc; path = HTZMyDraftItem.m; sourceTree = "<group>"; };
		0D22932221F57AA600917B3B /* HTZMyDraftCell.h */ = {isa = PBXFileReference; lastKnownFileType = sourcecode.c.h; path = HTZMyDraftCell.h; sourceTree = "<group>"; };
		0D22932321F57AA600917B3B /* HTZMyDraftCell.m */ = {isa = PBXFileReference; lastKnownFileType = sourcecode.c.objc; path = HTZMyDraftCell.m; sourceTree = "<group>"; };
		0D22932421F57AA600917B3B /* HTZMyDraftCell.xib */ = {isa = PBXFileReference; lastKnownFileType = file.xib; path = HTZMyDraftCell.xib; sourceTree = "<group>"; };
		0D29059D21E1C43600D83D60 /* HTZPersonalInformationViewController.h */ = {isa = PBXFileReference; lastKnownFileType = sourcecode.c.h; path = HTZPersonalInformationViewController.h; sourceTree = "<group>"; };
		0D29059E21E1C43600D83D60 /* HTZPersonalInformationViewController.m */ = {isa = PBXFileReference; lastKnownFileType = sourcecode.c.objc; path = HTZPersonalInformationViewController.m; sourceTree = "<group>"; };
		0D29059F21E1C43600D83D60 /* HTZPersonalInformationViewController.xib */ = {isa = PBXFileReference; lastKnownFileType = file.xib; path = HTZPersonalInformationViewController.xib; sourceTree = "<group>"; };
		0D2905A221E1C7F900D83D60 /* HTZOriginalModifyPasswordViewController.h */ = {isa = PBXFileReference; lastKnownFileType = sourcecode.c.h; path = HTZOriginalModifyPasswordViewController.h; sourceTree = "<group>"; };
		0D2905A321E1C7F900D83D60 /* HTZOriginalModifyPasswordViewController.m */ = {isa = PBXFileReference; lastKnownFileType = sourcecode.c.objc; path = HTZOriginalModifyPasswordViewController.m; sourceTree = "<group>"; };
		0D2905A421E1C7F900D83D60 /* HTZOriginalModifyPasswordViewController.xib */ = {isa = PBXFileReference; lastKnownFileType = file.xib; path = HTZOriginalModifyPasswordViewController.xib; sourceTree = "<group>"; };
		0D2905A721E1C87600D83D60 /* HTZInviteFriendsViewController.h */ = {isa = PBXFileReference; lastKnownFileType = sourcecode.c.h; path = HTZInviteFriendsViewController.h; sourceTree = "<group>"; };
		0D2905A821E1C87600D83D60 /* HTZInviteFriendsViewController.m */ = {isa = PBXFileReference; lastKnownFileType = sourcecode.c.objc; path = HTZInviteFriendsViewController.m; sourceTree = "<group>"; };
		0D2905A921E1C87600D83D60 /* HTZInviteFriendsViewController.xib */ = {isa = PBXFileReference; lastKnownFileType = file.xib; path = HTZInviteFriendsViewController.xib; sourceTree = "<group>"; };
		0D2905AC21E1C8CD00D83D60 /* HTZAdviceFeedbackViewController.h */ = {isa = PBXFileReference; lastKnownFileType = sourcecode.c.h; path = HTZAdviceFeedbackViewController.h; sourceTree = "<group>"; };
		0D2905AD21E1C8CD00D83D60 /* HTZAdviceFeedbackViewController.m */ = {isa = PBXFileReference; lastKnownFileType = sourcecode.c.objc; path = HTZAdviceFeedbackViewController.m; sourceTree = "<group>"; };
		0D2905AE21E1C8CD00D83D60 /* HTZAdviceFeedbackViewController.xib */ = {isa = PBXFileReference; lastKnownFileType = file.xib; path = HTZAdviceFeedbackViewController.xib; sourceTree = "<group>"; };
		0D2905B121E1C91200D83D60 /* HTZSettingViewController.h */ = {isa = PBXFileReference; lastKnownFileType = sourcecode.c.h; path = HTZSettingViewController.h; sourceTree = "<group>"; };
		0D2905B221E1C91200D83D60 /* HTZSettingViewController.m */ = {isa = PBXFileReference; lastKnownFileType = sourcecode.c.objc; path = HTZSettingViewController.m; sourceTree = "<group>"; };
		0D2905B321E1C91200D83D60 /* HTZSettingViewController.xib */ = {isa = PBXFileReference; lastKnownFileType = file.xib; path = HTZSettingViewController.xib; sourceTree = "<group>"; };
		0D294D662205FFDA0031B30A /* HTZHomeTableViewHeaderItem.h */ = {isa = PBXFileReference; lastKnownFileType = sourcecode.c.h; path = HTZHomeTableViewHeaderItem.h; sourceTree = "<group>"; };
		0D294D672205FFDA0031B30A /* HTZHomeTableViewHeaderItem.m */ = {isa = PBXFileReference; lastKnownFileType = sourcecode.c.objc; path = HTZHomeTableViewHeaderItem.m; sourceTree = "<group>"; };
		0D2A9F9C21EECBBF00FB2191 /* HTZSelectView.h */ = {isa = PBXFileReference; lastKnownFileType = sourcecode.c.h; path = HTZSelectView.h; sourceTree = "<group>"; };
		0D2A9F9D21EECBBF00FB2191 /* HTZSelectView.m */ = {isa = PBXFileReference; lastKnownFileType = sourcecode.c.objc; path = HTZSelectView.m; sourceTree = "<group>"; };
		0D2AD25A21E740ED0086B4EE /* HTZModifyPersonalInformationViewController.h */ = {isa = PBXFileReference; lastKnownFileType = sourcecode.c.h; path = HTZModifyPersonalInformationViewController.h; sourceTree = "<group>"; };
		0D2AD25B21E740ED0086B4EE /* HTZModifyPersonalInformationViewController.m */ = {isa = PBXFileReference; lastKnownFileType = sourcecode.c.objc; path = HTZModifyPersonalInformationViewController.m; sourceTree = "<group>"; };
		0D2AD25C21E740ED0086B4EE /* HTZModifyPersonalInformationViewController.xib */ = {isa = PBXFileReference; lastKnownFileType = file.xib; path = HTZModifyPersonalInformationViewController.xib; sourceTree = "<group>"; };
		0D2AD26321E756C80086B4EE /* HTZAboutUsViewController.h */ = {isa = PBXFileReference; lastKnownFileType = sourcecode.c.h; path = HTZAboutUsViewController.h; sourceTree = "<group>"; };
		0D2AD26421E756C80086B4EE /* HTZAboutUsViewController.m */ = {isa = PBXFileReference; lastKnownFileType = sourcecode.c.objc; path = HTZAboutUsViewController.m; sourceTree = "<group>"; };
		0D2AD26521E756C80086B4EE /* HTZAboutUsViewController.xib */ = {isa = PBXFileReference; lastKnownFileType = file.xib; path = HTZAboutUsViewController.xib; sourceTree = "<group>"; };
		0D33434D21E7BAAC00332163 /* HTZRegisterSuccessViewController.m */ = {isa = PBXFileReference; fileEncoding = 4; lastKnownFileType = sourcecode.c.objc; path = HTZRegisterSuccessViewController.m; sourceTree = "<group>"; };
		0D33434E21E7BAAC00332163 /* HTZForgetPasswordViewController.h */ = {isa = PBXFileReference; fileEncoding = 4; lastKnownFileType = sourcecode.c.h; path = HTZForgetPasswordViewController.h; sourceTree = "<group>"; };
		0D33434F21E7BAAC00332163 /* HTZRegisterViewController.h */ = {isa = PBXFileReference; fileEncoding = 4; lastKnownFileType = sourcecode.c.h; path = HTZRegisterViewController.h; sourceTree = "<group>"; };
		0D33435021E7BAAC00332163 /* HTZRegisterViewController.xib */ = {isa = PBXFileReference; fileEncoding = 4; lastKnownFileType = file.xib; path = HTZRegisterViewController.xib; sourceTree = "<group>"; };
		0D33435121E7BAAC00332163 /* HTZForgetPasswordViewController.m */ = {isa = PBXFileReference; fileEncoding = 4; lastKnownFileType = sourcecode.c.objc; path = HTZForgetPasswordViewController.m; sourceTree = "<group>"; };
		0D33435221E7BAAC00332163 /* HTZRegisterSuccessViewController.h */ = {isa = PBXFileReference; fileEncoding = 4; lastKnownFileType = sourcecode.c.h; path = HTZRegisterSuccessViewController.h; sourceTree = "<group>"; };
		0D33435321E7BAAC00332163 /* HTZModifyPasswordViewController.xib */ = {isa = PBXFileReference; fileEncoding = 4; lastKnownFileType = file.xib; path = HTZModifyPasswordViewController.xib; sourceTree = "<group>"; };
		0D33435421E7BAAC00332163 /* HTZModifyPasswordViewController.m */ = {isa = PBXFileReference; fileEncoding = 4; lastKnownFileType = sourcecode.c.objc; path = HTZModifyPasswordViewController.m; sourceTree = "<group>"; };
		0D33435521E7BAAC00332163 /* HTZPerfectInformationViewController.xib */ = {isa = PBXFileReference; fileEncoding = 4; lastKnownFileType = file.xib; path = HTZPerfectInformationViewController.xib; sourceTree = "<group>"; };
		0D33435621E7BAAC00332163 /* HTZLoginViewController.m */ = {isa = PBXFileReference; fileEncoding = 4; lastKnownFileType = sourcecode.c.objc; path = HTZLoginViewController.m; sourceTree = "<group>"; };
		0D33435721E7BAAC00332163 /* HTZPerfectInformationViewController.m */ = {isa = PBXFileReference; fileEncoding = 4; lastKnownFileType = sourcecode.c.objc; path = HTZPerfectInformationViewController.m; sourceTree = "<group>"; };
		0D33435821E7BAAC00332163 /* HTZModifyPasswordViewController.h */ = {isa = PBXFileReference; fileEncoding = 4; lastKnownFileType = sourcecode.c.h; path = HTZModifyPasswordViewController.h; sourceTree = "<group>"; };
		0D33435921E7BAAC00332163 /* HTZPerfectInformationViewController.h */ = {isa = PBXFileReference; fileEncoding = 4; lastKnownFileType = sourcecode.c.h; path = HTZPerfectInformationViewController.h; sourceTree = "<group>"; };
		0D33435A21E7BAAC00332163 /* HTZRegisterSuccessViewController.xib */ = {isa = PBXFileReference; fileEncoding = 4; lastKnownFileType = file.xib; path = HTZRegisterSuccessViewController.xib; sourceTree = "<group>"; };
		0D33435B21E7BAAC00332163 /* HTZRegisterViewController.m */ = {isa = PBXFileReference; fileEncoding = 4; lastKnownFileType = sourcecode.c.objc; path = HTZRegisterViewController.m; sourceTree = "<group>"; };
		0D33435C21E7BAAC00332163 /* HTZForgetPasswordViewController.xib */ = {isa = PBXFileReference; fileEncoding = 4; lastKnownFileType = file.xib; path = HTZForgetPasswordViewController.xib; sourceTree = "<group>"; };
		0D33435D21E7BAAC00332163 /* HTZLoginViewController.xib */ = {isa = PBXFileReference; fileEncoding = 4; lastKnownFileType = file.xib; path = HTZLoginViewController.xib; sourceTree = "<group>"; };
		0D33435E21E7BAAC00332163 /* HTZLoginViewController.h */ = {isa = PBXFileReference; fileEncoding = 4; lastKnownFileType = sourcecode.c.h; path = HTZLoginViewController.h; sourceTree = "<group>"; };
		0D33436B21E7BC0D00332163 /* HTZOrderDetailViewController.h */ = {isa = PBXFileReference; lastKnownFileType = sourcecode.c.h; path = HTZOrderDetailViewController.h; sourceTree = "<group>"; };
		0D33436C21E7BC0D00332163 /* HTZOrderDetailViewController.m */ = {isa = PBXFileReference; lastKnownFileType = sourcecode.c.objc; path = HTZOrderDetailViewController.m; sourceTree = "<group>"; };
		0D38013821E6437F00D63A1D /* HTZSingleton.h */ = {isa = PBXFileReference; lastKnownFileType = sourcecode.c.h; path = HTZSingleton.h; sourceTree = "<group>"; };
		0D43B2FF21F241FA00690E28 /* HTZPlaceOrderPreviewViewController.h */ = {isa = PBXFileReference; lastKnownFileType = sourcecode.c.h; path = HTZPlaceOrderPreviewViewController.h; sourceTree = "<group>"; };
		0D43B30021F241FA00690E28 /* HTZPlaceOrderPreviewViewController.m */ = {isa = PBXFileReference; lastKnownFileType = sourcecode.c.objc; path = HTZPlaceOrderPreviewViewController.m; sourceTree = "<group>"; };
		0D43B30121F241FA00690E28 /* HTZPlaceOrderPreviewViewController.xib */ = {isa = PBXFileReference; lastKnownFileType = file.xib; path = HTZPlaceOrderPreviewViewController.xib; sourceTree = "<group>"; };
		0D43B30421F244A800690E28 /* HTZProductionPlanViewController.h */ = {isa = PBXFileReference; lastKnownFileType = sourcecode.c.h; path = HTZProductionPlanViewController.h; sourceTree = "<group>"; };
		0D43B30521F244A800690E28 /* HTZProductionPlanViewController.m */ = {isa = PBXFileReference; lastKnownFileType = sourcecode.c.objc; path = HTZProductionPlanViewController.m; sourceTree = "<group>"; };
		0D43B30621F244A800690E28 /* HTZProductionPlanViewController.xib */ = {isa = PBXFileReference; lastKnownFileType = file.xib; path = HTZProductionPlanViewController.xib; sourceTree = "<group>"; };
		0D43B30921F2476D00690E28 /* HTZWaybillManagementViewController.h */ = {isa = PBXFileReference; lastKnownFileType = sourcecode.c.h; path = HTZWaybillManagementViewController.h; sourceTree = "<group>"; };
		0D43B30A21F2476D00690E28 /* HTZWaybillManagementViewController.m */ = {isa = PBXFileReference; lastKnownFileType = sourcecode.c.objc; path = HTZWaybillManagementViewController.m; sourceTree = "<group>"; };
		0D43B30B21F2476D00690E28 /* HTZWaybillManagementViewController.xib */ = {isa = PBXFileReference; lastKnownFileType = file.xib; path = HTZWaybillManagementViewController.xib; sourceTree = "<group>"; };
		0D5C0B3821E2573400BA0974 /* HTZSettingData.plist */ = {isa = PBXFileReference; fileEncoding = 4; lastKnownFileType = text.plist.xml; path = HTZSettingData.plist; sourceTree = "<group>"; };
		0D5C0B3A21E2632100BA0974 /* HTZOrderViewController.xib */ = {isa = PBXFileReference; lastKnownFileType = file.xib; path = HTZOrderViewController.xib; sourceTree = "<group>"; };
		0D5C40B521EA505F0053B6F2 /* HTZTextField.h */ = {isa = PBXFileReference; lastKnownFileType = sourcecode.c.h; path = HTZTextField.h; sourceTree = "<group>"; };
		0D5C40B621EA505F0053B6F2 /* HTZTextField.m */ = {isa = PBXFileReference; lastKnownFileType = sourcecode.c.objc; path = HTZTextField.m; sourceTree = "<group>"; };
		0D6774EA21F36C8200D9B728 /* HTZProductionPlanCell.h */ = {isa = PBXFileReference; lastKnownFileType = sourcecode.c.h; path = HTZProductionPlanCell.h; sourceTree = "<group>"; };
		0D6774EB21F36C8200D9B728 /* HTZProductionPlanCell.m */ = {isa = PBXFileReference; lastKnownFileType = sourcecode.c.objc; path = HTZProductionPlanCell.m; sourceTree = "<group>"; };
		0D6774EC21F36C8200D9B728 /* HTZProductionPlanCell.xib */ = {isa = PBXFileReference; lastKnownFileType = file.xib; path = HTZProductionPlanCell.xib; sourceTree = "<group>"; };
		0D6774EF21F379A100D9B728 /* HTZSettingCell.h */ = {isa = PBXFileReference; lastKnownFileType = sourcecode.c.h; path = HTZSettingCell.h; sourceTree = "<group>"; };
		0D6774F021F379A100D9B728 /* HTZSettingCell.m */ = {isa = PBXFileReference; lastKnownFileType = sourcecode.c.objc; path = HTZSettingCell.m; sourceTree = "<group>"; };
		0D6774F121F379A100D9B728 /* HTZSettingCell.xib */ = {isa = PBXFileReference; lastKnownFileType = file.xib; path = HTZSettingCell.xib; sourceTree = "<group>"; };
		0D6774F421F389D000D9B728 /* HTZSettingItem.h */ = {isa = PBXFileReference; lastKnownFileType = sourcecode.c.h; path = HTZSettingItem.h; sourceTree = "<group>"; };
		0D6774F521F389D000D9B728 /* HTZSettingItem.m */ = {isa = PBXFileReference; lastKnownFileType = sourcecode.c.objc; path = HTZSettingItem.m; sourceTree = "<group>"; };
		0D69AC0B21F7348F00D70F64 /* HTZMessageCategoryData.plist */ = {isa = PBXFileReference; lastKnownFileType = text.plist.xml; path = HTZMessageCategoryData.plist; sourceTree = "<group>"; };
		0D69AC1021F7357E00D70F64 /* HTZMessageCategoryItem.h */ = {isa = PBXFileReference; lastKnownFileType = sourcecode.c.h; path = HTZMessageCategoryItem.h; sourceTree = "<group>"; };
		0D69AC1121F7357E00D70F64 /* HTZMessageCategoryItem.m */ = {isa = PBXFileReference; lastKnownFileType = sourcecode.c.objc; path = HTZMessageCategoryItem.m; sourceTree = "<group>"; };
		0D6D467921E345EE00D9C073 /* HTZProgressHUD.h */ = {isa = PBXFileReference; lastKnownFileType = sourcecode.c.h; path = HTZProgressHUD.h; sourceTree = "<group>"; };
		0D6D467A21E345EE00D9C073 /* HTZProgressHUD.m */ = {isa = PBXFileReference; lastKnownFileType = sourcecode.c.objc; path = HTZProgressHUD.m; sourceTree = "<group>"; };
		0D96920321E3C05300A71DE7 /* HTZOrderCategoryCell.h */ = {isa = PBXFileReference; lastKnownFileType = sourcecode.c.h; path = HTZOrderCategoryCell.h; sourceTree = "<group>"; };
		0D96920421E3C05300A71DE7 /* HTZOrderCategoryCell.m */ = {isa = PBXFileReference; lastKnownFileType = sourcecode.c.objc; path = HTZOrderCategoryCell.m; sourceTree = "<group>"; };
		0D96920521E3C05300A71DE7 /* HTZOrderCategoryCell.xib */ = {isa = PBXFileReference; lastKnownFileType = file.xib; path = HTZOrderCategoryCell.xib; sourceTree = "<group>"; };
		0D96920821E3C0AC00A71DE7 /* HTZOrderCell.h */ = {isa = PBXFileReference; lastKnownFileType = sourcecode.c.h; path = HTZOrderCell.h; sourceTree = "<group>"; };
		0D96920921E3C0AC00A71DE7 /* HTZOrderCell.m */ = {isa = PBXFileReference; lastKnownFileType = sourcecode.c.objc; path = HTZOrderCell.m; sourceTree = "<group>"; };
		0D96920A21E3C0AC00A71DE7 /* HTZOrderCell.xib */ = {isa = PBXFileReference; lastKnownFileType = file.xib; path = HTZOrderCell.xib; sourceTree = "<group>"; };
		0DBF8A36220BFC11007546D1 /* HTZHomeBannerCell.h */ = {isa = PBXFileReference; lastKnownFileType = sourcecode.c.h; path = HTZHomeBannerCell.h; sourceTree = "<group>"; };
		0DBF8A37220BFC11007546D1 /* HTZHomeBannerCell.m */ = {isa = PBXFileReference; lastKnownFileType = sourcecode.c.objc; path = HTZHomeBannerCell.m; sourceTree = "<group>"; };
		0DBF8A39220C09FE007546D1 /* HTZHomeBannerItem.h */ = {isa = PBXFileReference; lastKnownFileType = sourcecode.c.h; path = HTZHomeBannerItem.h; sourceTree = "<group>"; };
		0DBF8A3A220C09FE007546D1 /* HTZHomeBannerItem.m */ = {isa = PBXFileReference; lastKnownFileType = sourcecode.c.objc; path = HTZHomeBannerItem.m; sourceTree = "<group>"; };
		0DBF8A3C220C0CEA007546D1 /* HTZWeakTimerTarget.h */ = {isa = PBXFileReference; lastKnownFileType = sourcecode.c.h; path = HTZWeakTimerTarget.h; sourceTree = "<group>"; };
		0DBF8A3D220C0CEA007546D1 /* HTZWeakTimerTarget.m */ = {isa = PBXFileReference; lastKnownFileType = sourcecode.c.objc; path = HTZWeakTimerTarget.m; sourceTree = "<group>"; };
		0DCF2FB621F62DA00016E9AB /* HTZMessageItem.h */ = {isa = PBXFileReference; lastKnownFileType = sourcecode.c.h; path = HTZMessageItem.h; sourceTree = "<group>"; };
		0DCF2FB721F62DA00016E9AB /* HTZMessageItem.m */ = {isa = PBXFileReference; lastKnownFileType = sourcecode.c.objc; path = HTZMessageItem.m; sourceTree = "<group>"; };
		0DCF2FB921F62DD40016E9AB /* HTZMessageCell.h */ = {isa = PBXFileReference; lastKnownFileType = sourcecode.c.h; path = HTZMessageCell.h; sourceTree = "<group>"; };
		0DCF2FBA21F62DD40016E9AB /* HTZMessageCell.m */ = {isa = PBXFileReference; lastKnownFileType = sourcecode.c.objc; path = HTZMessageCell.m; sourceTree = "<group>"; };
		0DCF2FBB21F62DD40016E9AB /* HTZMessageCell.xib */ = {isa = PBXFileReference; lastKnownFileType = file.xib; path = HTZMessageCell.xib; sourceTree = "<group>"; };
		0DDA16C321E50AC800C1F65F /* HTZOrderCategoryItem.h */ = {isa = PBXFileReference; lastKnownFileType = sourcecode.c.h; path = HTZOrderCategoryItem.h; sourceTree = "<group>"; };
		0DDA16C421E50AC800C1F65F /* HTZOrderCategoryItem.m */ = {isa = PBXFileReference; lastKnownFileType = sourcecode.c.objc; path = HTZOrderCategoryItem.m; sourceTree = "<group>"; };
		0DDA16C621E50ADE00C1F65F /* HTZOrderItem.h */ = {isa = PBXFileReference; lastKnownFileType = sourcecode.c.h; path = HTZOrderItem.h; sourceTree = "<group>"; };
		0DDA16C721E50ADE00C1F65F /* HTZOrderItem.m */ = {isa = PBXFileReference; lastKnownFileType = sourcecode.c.objc; path = HTZOrderItem.m; sourceTree = "<group>"; };
		0DDB2F9721D7C62400339101 /* UIColor+HTZHex.h */ = {isa = PBXFileReference; lastKnownFileType = sourcecode.c.h; path = "UIColor+HTZHex.h"; sourceTree = "<group>"; };
		0DDB2F9821D7C62400339101 /* UIColor+HTZHex.m */ = {isa = PBXFileReference; lastKnownFileType = sourcecode.c.objc; path = "UIColor+HTZHex.m"; sourceTree = "<group>"; };
		0DDB2F9A21D7C74100339101 /* NSString+HTZExtension.h */ = {isa = PBXFileReference; lastKnownFileType = sourcecode.c.h; path = "NSString+HTZExtension.h"; sourceTree = "<group>"; };
		0DDB2F9B21D7C74100339101 /* NSString+HTZExtension.m */ = {isa = PBXFileReference; lastKnownFileType = sourcecode.c.objc; path = "NSString+HTZExtension.m"; sourceTree = "<group>"; };
		0DDB2F9D21D7C82F00339101 /* UIView+HTZBezier.h */ = {isa = PBXFileReference; lastKnownFileType = sourcecode.c.h; path = "UIView+HTZBezier.h"; sourceTree = "<group>"; };
		0DDB2F9E21D7C82F00339101 /* UIView+HTZBezier.m */ = {isa = PBXFileReference; lastKnownFileType = sourcecode.c.objc; path = "UIView+HTZBezier.m"; sourceTree = "<group>"; };
		0DDB2FA121D7CDEE00339101 /* HTZGlobeConst.h */ = {isa = PBXFileReference; lastKnownFileType = sourcecode.c.h; path = HTZGlobeConst.h; sourceTree = "<group>"; };
		0DDB2FA221D7CDEE00339101 /* HTZGlobeConst.m */ = {isa = PBXFileReference; lastKnownFileType = sourcecode.c.objc; path = HTZGlobeConst.m; sourceTree = "<group>"; };
		0DDB2FA421D7CF7200339101 /* HTZNetworkTool.h */ = {isa = PBXFileReference; lastKnownFileType = sourcecode.c.h; path = HTZNetworkTool.h; sourceTree = "<group>"; };
		0DDB2FA521D7CF7200339101 /* HTZNetworkTool.m */ = {isa = PBXFileReference; lastKnownFileType = sourcecode.c.objc; path = HTZNetworkTool.m; sourceTree = "<group>"; };
		0DDB2FA721D7CFCD00339101 /* HTZBaseViewController.h */ = {isa = PBXFileReference; lastKnownFileType = sourcecode.c.h; path = HTZBaseViewController.h; sourceTree = "<group>"; };
		0DDB2FA821D7CFCD00339101 /* HTZBaseViewController.m */ = {isa = PBXFileReference; lastKnownFileType = sourcecode.c.objc; path = HTZBaseViewController.m; sourceTree = "<group>"; };
		0DDB2FAA21D7D0B100339101 /* HTZHomeViewController.h */ = {isa = PBXFileReference; lastKnownFileType = sourcecode.c.h; path = HTZHomeViewController.h; sourceTree = "<group>"; };
		0DDB2FAB21D7D0B100339101 /* HTZHomeViewController.m */ = {isa = PBXFileReference; lastKnownFileType = sourcecode.c.objc; path = HTZHomeViewController.m; sourceTree = "<group>"; };
		0DDB2FAD21D7D0DF00339101 /* HTZOrderViewController.h */ = {isa = PBXFileReference; lastKnownFileType = sourcecode.c.h; path = HTZOrderViewController.h; sourceTree = "<group>"; };
		0DDB2FAE21D7D0DF00339101 /* HTZOrderViewController.m */ = {isa = PBXFileReference; lastKnownFileType = sourcecode.c.objc; path = HTZOrderViewController.m; sourceTree = "<group>"; };
		0DDB2FB021D7D10F00339101 /* HTZPlatformViewController.h */ = {isa = PBXFileReference; lastKnownFileType = sourcecode.c.h; path = HTZPlatformViewController.h; sourceTree = "<group>"; };
		0DDB2FB121D7D10F00339101 /* HTZPlatformViewController.m */ = {isa = PBXFileReference; lastKnownFileType = sourcecode.c.objc; path = HTZPlatformViewController.m; sourceTree = "<group>"; };
		0DDB2FB321D7D14300339101 /* HTZMeViewController.h */ = {isa = PBXFileReference; lastKnownFileType = sourcecode.c.h; path = HTZMeViewController.h; sourceTree = "<group>"; };
		0DDB2FB421D7D14300339101 /* HTZMeViewController.m */ = {isa = PBXFileReference; lastKnownFileType = sourcecode.c.objc; path = HTZMeViewController.m; sourceTree = "<group>"; };
		0DDFF31021EB7BB30034D972 /* HTZMyTemplateViewController.h */ = {isa = PBXFileReference; lastKnownFileType = sourcecode.c.h; path = HTZMyTemplateViewController.h; sourceTree = "<group>"; };
		0DDFF31121EB7BB30034D972 /* HTZMyTemplateViewController.m */ = {isa = PBXFileReference; lastKnownFileType = sourcecode.c.objc; path = HTZMyTemplateViewController.m; sourceTree = "<group>"; };
		0DDFF31221EB7BB30034D972 /* HTZMyTemplateViewController.xib */ = {isa = PBXFileReference; lastKnownFileType = file.xib; path = HTZMyTemplateViewController.xib; sourceTree = "<group>"; };
		0DDFF31521EB7F7D0034D972 /* HTZCreateTemplateViewController.h */ = {isa = PBXFileReference; lastKnownFileType = sourcecode.c.h; path = HTZCreateTemplateViewController.h; sourceTree = "<group>"; };
		0DDFF31621EB7F7D0034D972 /* HTZCreateTemplateViewController.m */ = {isa = PBXFileReference; lastKnownFileType = sourcecode.c.objc; path = HTZCreateTemplateViewController.m; sourceTree = "<group>"; };
		0DDFF31721EB7F7D0034D972 /* HTZCreateTemplateViewController.xib */ = {isa = PBXFileReference; lastKnownFileType = file.xib; path = HTZCreateTemplateViewController.xib; sourceTree = "<group>"; };
		0DDFF31A21EB84310034D972 /* HTZMyTemplateCell.h */ = {isa = PBXFileReference; lastKnownFileType = sourcecode.c.h; path = HTZMyTemplateCell.h; sourceTree = "<group>"; };
		0DDFF31B21EB84310034D972 /* HTZMyTemplateCell.m */ = {isa = PBXFileReference; lastKnownFileType = sourcecode.c.objc; path = HTZMyTemplateCell.m; sourceTree = "<group>"; };
		0DDFF31C21EB84310034D972 /* HTZMyTemplateCell.xib */ = {isa = PBXFileReference; lastKnownFileType = file.xib; path = HTZMyTemplateCell.xib; sourceTree = "<group>"; };
		0DDFF31F21EB8A1E0034D972 /* HTZMyDraftViewController.h */ = {isa = PBXFileReference; lastKnownFileType = sourcecode.c.h; path = HTZMyDraftViewController.h; sourceTree = "<group>"; };
		0DDFF32021EB8A1E0034D972 /* HTZMyDraftViewController.m */ = {isa = PBXFileReference; lastKnownFileType = sourcecode.c.objc; path = HTZMyDraftViewController.m; sourceTree = "<group>"; };
		0DDFF32121EB8A1E0034D972 /* HTZMyDraftViewController.xib */ = {isa = PBXFileReference; lastKnownFileType = file.xib; path = HTZMyDraftViewController.xib; sourceTree = "<group>"; };
		0DDFF32421EB8ECC0034D972 /* HTZMessageCenterViewController.h */ = {isa = PBXFileReference; lastKnownFileType = sourcecode.c.h; path = HTZMessageCenterViewController.h; sourceTree = "<group>"; };
		0DDFF32521EB8ECC0034D972 /* HTZMessageCenterViewController.m */ = {isa = PBXFileReference; lastKnownFileType = sourcecode.c.objc; path = HTZMessageCenterViewController.m; sourceTree = "<group>"; };
		0DDFF32621EB8ECC0034D972 /* HTZMessageCenterViewController.xib */ = {isa = PBXFileReference; lastKnownFileType = file.xib; path = HTZMessageCenterViewController.xib; sourceTree = "<group>"; };
		0DDFF32921EB90A20034D972 /* HTZMessageDetailViewController.h */ = {isa = PBXFileReference; lastKnownFileType = sourcecode.c.h; path = HTZMessageDetailViewController.h; sourceTree = "<group>"; };
		0DDFF32A21EB90A20034D972 /* HTZMessageDetailViewController.m */ = {isa = PBXFileReference; lastKnownFileType = sourcecode.c.objc; path = HTZMessageDetailViewController.m; sourceTree = "<group>"; };
		0DDFF32B21EB90A20034D972 /* HTZMessageDetailViewController.xib */ = {isa = PBXFileReference; lastKnownFileType = file.xib; path = HTZMessageDetailViewController.xib; sourceTree = "<group>"; };
		0DE33C8F21E10FD600B54302 /* HTZMeTableViewHeader.h */ = {isa = PBXFileReference; lastKnownFileType = sourcecode.c.h; path = HTZMeTableViewHeader.h; sourceTree = "<group>"; };
		0DE33C9021E10FD600B54302 /* HTZMeTableViewHeader.m */ = {isa = PBXFileReference; lastKnownFileType = sourcecode.c.objc; path = HTZMeTableViewHeader.m; sourceTree = "<group>"; };
		0DE33C9221E10FFB00B54302 /* HTZMeTableViewHeader.xib */ = {isa = PBXFileReference; lastKnownFileType = file.xib; path = HTZMeTableViewHeader.xib; sourceTree = "<group>"; };
		0DF0BAE021E0644C004A5573 /* HTZMeViewController.xib */ = {isa = PBXFileReference; lastKnownFileType = file.xib; path = HTZMeViewController.xib; sourceTree = "<group>"; };
		0DF0BAE221E06B63004A5573 /* HTZMeCell.h */ = {isa = PBXFileReference; lastKnownFileType = sourcecode.c.h; path = HTZMeCell.h; sourceTree = "<group>"; };
		0DF0BAE321E06B63004A5573 /* HTZMeCell.m */ = {isa = PBXFileReference; lastKnownFileType = sourcecode.c.objc; path = HTZMeCell.m; sourceTree = "<group>"; };
		0DF0BAE421E06B63004A5573 /* HTZMeCell.xib */ = {isa = PBXFileReference; lastKnownFileType = file.xib; path = HTZMeCell.xib; sourceTree = "<group>"; };
		0DF0BAE721E06F1A004A5573 /* HTZMeItem.h */ = {isa = PBXFileReference; lastKnownFileType = sourcecode.c.h; path = HTZMeItem.h; sourceTree = "<group>"; };
		0DF0BAE821E06F1A004A5573 /* HTZMeItem.m */ = {isa = PBXFileReference; lastKnownFileType = sourcecode.c.objc; path = HTZMeItem.m; sourceTree = "<group>"; };
		0DF0BAEA21E07065004A5573 /* HTZMeData.plist */ = {isa = PBXFileReference; lastKnownFileType = text.plist.xml; path = HTZMeData.plist; sourceTree = "<group>"; };
		0DF4B7C521CF6103006E6E80 /* HaoTongZhi.app */ = {isa = PBXFileReference; explicitFileType = wrapper.application; includeInIndex = 0; path = HaoTongZhi.app; sourceTree = BUILT_PRODUCTS_DIR; };
		0DF4B7D121CF6105006E6E80 /* Assets.xcassets */ = {isa = PBXFileReference; lastKnownFileType = folder.assetcatalog; path = Assets.xcassets; sourceTree = "<group>"; };
		0DF4B7D421CF6105006E6E80 /* Base */ = {isa = PBXFileReference; lastKnownFileType = file.storyboard; name = Base; path = Base.lproj/LaunchScreen.storyboard; sourceTree = "<group>"; };
		0DF4B7D621CF6105006E6E80 /* Info.plist */ = {isa = PBXFileReference; lastKnownFileType = text.plist.xml; path = Info.plist; sourceTree = "<group>"; };
		0DF4B7EC21CF854D006E6E80 /* AppDelegate.h */ = {isa = PBXFileReference; fileEncoding = 4; lastKnownFileType = sourcecode.c.h; path = AppDelegate.h; sourceTree = "<group>"; };
		0DF4B7EF21CF854D006E6E80 /* main.m */ = {isa = PBXFileReference; fileEncoding = 4; lastKnownFileType = sourcecode.c.objc; path = main.m; sourceTree = "<group>"; };
		0DF4B7F121CF854D006E6E80 /* AppDelegate.m */ = {isa = PBXFileReference; fileEncoding = 4; lastKnownFileType = sourcecode.c.objc; path = AppDelegate.m; sourceTree = "<group>"; };
		0DF4B80721CF86C8006E6E80 /* HTZPrefixHeader.pch */ = {isa = PBXFileReference; lastKnownFileType = sourcecode.c.h; path = HTZPrefixHeader.pch; sourceTree = "<group>"; };
		0DF4B80821CF87CF006E6E80 /* HTZTabBarController.h */ = {isa = PBXFileReference; lastKnownFileType = sourcecode.c.h; path = HTZTabBarController.h; sourceTree = "<group>"; };
		0DF4B80921CF87CF006E6E80 /* HTZTabBarController.m */ = {isa = PBXFileReference; lastKnownFileType = sourcecode.c.objc; path = HTZTabBarController.m; sourceTree = "<group>"; };
		0DF4B80B21CF8BF3006E6E80 /* HTZNavigationController.h */ = {isa = PBXFileReference; lastKnownFileType = sourcecode.c.h; path = HTZNavigationController.h; sourceTree = "<group>"; };
		0DF4B80C21CF8BF3006E6E80 /* HTZNavigationController.m */ = {isa = PBXFileReference; lastKnownFileType = sourcecode.c.objc; path = HTZNavigationController.m; sourceTree = "<group>"; };
		0DF4B80E21CF9166006E6E80 /* UIView+HTZFrame.h */ = {isa = PBXFileReference; lastKnownFileType = sourcecode.c.h; path = "UIView+HTZFrame.h"; sourceTree = "<group>"; };
		0DF4B80F21CF9166006E6E80 /* UIView+HTZFrame.m */ = {isa = PBXFileReference; lastKnownFileType = sourcecode.c.objc; path = "UIView+HTZFrame.m"; sourceTree = "<group>"; };
		0DF4B81121CF9DFA006E6E80 /* UIBarButtonItem+HTZExtension.h */ = {isa = PBXFileReference; lastKnownFileType = sourcecode.c.h; path = "UIBarButtonItem+HTZExtension.h"; sourceTree = "<group>"; };
		0DF4B81221CF9DFA006E6E80 /* UIBarButtonItem+HTZExtension.m */ = {isa = PBXFileReference; lastKnownFileType = sourcecode.c.objc; path = "UIBarButtonItem+HTZExtension.m"; sourceTree = "<group>"; };
		0DF6218621F9A08F00B27171 /* HTZTabBarData.plist */ = {isa = PBXFileReference; lastKnownFileType = text.plist.xml; path = HTZTabBarData.plist; sourceTree = "<group>"; };
		0DFE97232200625E000764F8 /* HTZHomeOptionBarView.h */ = {isa = PBXFileReference; lastKnownFileType = sourcecode.c.h; path = HTZHomeOptionBarView.h; sourceTree = "<group>"; };
		0DFE97242200625E000764F8 /* HTZHomeOptionBarView.m */ = {isa = PBXFileReference; lastKnownFileType = sourcecode.c.objc; path = HTZHomeOptionBarView.m; sourceTree = "<group>"; };
		0DFE97262200629B000764F8 /* HTZHomeBannerView.h */ = {isa = PBXFileReference; lastKnownFileType = sourcecode.c.h; path = HTZHomeBannerView.h; sourceTree = "<group>"; };
		0DFE97272200629B000764F8 /* HTZHomeBannerView.m */ = {isa = PBXFileReference; lastKnownFileType = sourcecode.c.objc; path = HTZHomeBannerView.m; sourceTree = "<group>"; };
		0DFE972922006FF0000764F8 /* HTZHomeOptionBarCell.h */ = {isa = PBXFileReference; lastKnownFileType = sourcecode.c.h; path = HTZHomeOptionBarCell.h; sourceTree = "<group>"; };
		0DFE972A22006FF0000764F8 /* HTZHomeOptionBarCell.m */ = {isa = PBXFileReference; lastKnownFileType = sourcecode.c.objc; path = HTZHomeOptionBarCell.m; sourceTree = "<group>"; };
		0DFE972B22006FF0000764F8 /* HTZHomeOptionBarCell.xib */ = {isa = PBXFileReference; lastKnownFileType = file.xib; path = HTZHomeOptionBarCell.xib; sourceTree = "<group>"; };
		0DFE972E220070C0000764F8 /* HTZHomeOptionBarItem.h */ = {isa = PBXFileReference; lastKnownFileType = sourcecode.c.h; path = HTZHomeOptionBarItem.h; sourceTree = "<group>"; };
		0DFE972F220070C0000764F8 /* HTZHomeOptionBarItem.m */ = {isa = PBXFileReference; lastKnownFileType = sourcecode.c.objc; path = HTZHomeOptionBarItem.m; sourceTree = "<group>"; };
		7CB97FF59BB070DE6DAA605F /* Pods-HaoTongZhi.debug.xcconfig */ = {isa = PBXFileReference; includeInIndex = 1; lastKnownFileType = text.xcconfig; name = "Pods-HaoTongZhi.debug.xcconfig"; path = "Pods/Target Support Files/Pods-HaoTongZhi/Pods-HaoTongZhi.debug.xcconfig"; sourceTree = "<group>"; };
		B4C1D7704FEEB71E8E91C1A7 /* Pods-HaoTongZhi.release.xcconfig */ = {isa = PBXFileReference; includeInIndex = 1; lastKnownFileType = text.xcconfig; name = "Pods-HaoTongZhi.release.xcconfig"; path = "Pods/Target Support Files/Pods-HaoTongZhi/Pods-HaoTongZhi.release.xcconfig"; sourceTree = "<group>"; };
/* End PBXFileReference section */

/* Begin PBXFrameworksBuildPhase section */
		0DF4B7C221CF6103006E6E80 /* Frameworks */ = {
			isa = PBXFrameworksBuildPhase;
			buildActionMask = 2147483647;
			files = (
				CA6A6106655A472D76F901B0 /* libPods-HaoTongZhi.a in Frameworks */,
			);
			runOnlyForDeploymentPostprocessing = 0;
		};
/* End PBXFrameworksBuildPhase section */

/* Begin PBXGroup section */
		07A43900CA89118DB71C0F08 /* Pods */ = {
			isa = PBXGroup;
			children = (
				7CB97FF59BB070DE6DAA605F /* Pods-HaoTongZhi.debug.xcconfig */,
				B4C1D7704FEEB71E8E91C1A7 /* Pods-HaoTongZhi.release.xcconfig */,
			);
			name = Pods;
			sourceTree = "<group>";
		};
		0D1FDB3E21F49DCB00658F74 /* Model */ = {
			isa = PBXGroup;
			children = (
				0DFE972E220070C0000764F8 /* HTZHomeOptionBarItem.h */,
				0DFE972F220070C0000764F8 /* HTZHomeOptionBarItem.m */,
				0D294D662205FFDA0031B30A /* HTZHomeTableViewHeaderItem.h */,
				0D294D672205FFDA0031B30A /* HTZHomeTableViewHeaderItem.m */,
				0DBF8A39220C09FE007546D1 /* HTZHomeBannerItem.h */,
				0DBF8A3A220C09FE007546D1 /* HTZHomeBannerItem.m */,
				0D22931F21F57A7200917B3B /* HTZMyDraftItem.h */,
				0D22932021F57A7200917B3B /* HTZMyDraftItem.m */,
				0D22931C21F5771B00917B3B /* HTZMyTemplateItem.h */,
				0D22931D21F5771B00917B3B /* HTZMyTemplateItem.m */,
				0D1FDB4021F49DCB00658F74 /* HTZProductionPlanItem.h */,
				0D1FDB3F21F49DCB00658F74 /* HTZProductionPlanItem.m */,
				0DCF2FB621F62DA00016E9AB /* HTZMessageItem.h */,
				0DCF2FB721F62DA00016E9AB /* HTZMessageItem.m */,
				0D69AC1021F7357E00D70F64 /* HTZMessageCategoryItem.h */,
				0D69AC1121F7357E00D70F64 /* HTZMessageCategoryItem.m */,
			);
			path = Model;
			sourceTree = "<group>";
		};
		0DDB2FA021D7CDAF00339101 /* Tool */ = {
			isa = PBXGroup;
			children = (
				0DDB2FA121D7CDEE00339101 /* HTZGlobeConst.h */,
				0DDB2FA221D7CDEE00339101 /* HTZGlobeConst.m */,
				0DDB2FA421D7CF7200339101 /* HTZNetworkTool.h */,
				0DDB2FA521D7CF7200339101 /* HTZNetworkTool.m */,
				0D6D467921E345EE00D9C073 /* HTZProgressHUD.h */,
				0D6D467A21E345EE00D9C073 /* HTZProgressHUD.m */,
				0D38013821E6437F00D63A1D /* HTZSingleton.h */,
				0D20754521E83E9300A99694 /* HTZSystemTool.h */,
				0D20754621E83E9300A99694 /* HTZSystemTool.m */,
				0DBF8A3C220C0CEA007546D1 /* HTZWeakTimerTarget.h */,
				0DBF8A3D220C0CEA007546D1 /* HTZWeakTimerTarget.m */,
			);
			path = Tool;
			sourceTree = "<group>";
		};
		0DF4B7BC21CF6103006E6E80 = {
			isa = PBXGroup;
			children = (
				0DF4B7C721CF6103006E6E80 /* HaoTongZhi */,
				0DF4B7C621CF6103006E6E80 /* Products */,
				07A43900CA89118DB71C0F08 /* Pods */,
				1CF40E392F59C289C46B2716 /* Frameworks */,
			);
			sourceTree = "<group>";
		};
		0DF4B7C621CF6103006E6E80 /* Products */ = {
			isa = PBXGroup;
			children = (
				0DF4B7C521CF6103006E6E80 /* HaoTongZhi.app */,
			);
			name = Products;
			sourceTree = "<group>";
		};
		0DF4B7C721CF6103006E6E80 /* HaoTongZhi */ = {
			isa = PBXGroup;
			children = (
				0DF4B7DE21CF854D006E6E80 /* Classes */,
				0DF4B7D121CF6105006E6E80 /* Assets.xcassets */,
				0DF4B7D321CF6105006E6E80 /* LaunchScreen.storyboard */,
				0DF4B7D621CF6105006E6E80 /* Info.plist */,
			);
			path = HaoTongZhi;
			sourceTree = "<group>";
		};
		0DF4B7DE21CF854D006E6E80 /* Classes */ = {
			isa = PBXGroup;
			children = (
				0DF4B7E321CF854D006E6E80 /* Home */,
				0DF4B7DF21CF854D006E6E80 /* Order */,
				0DF4B7E721CF854D006E6E80 /* Platform */,
				0DF4B7F221CF854D006E6E80 /* Me */,
				0DF4B7EB21CF854D006E6E80 /* Other */,
			);
			path = Classes;
			sourceTree = "<group>";
		};
		0DF4B7DF21CF854D006E6E80 /* Order */ = {
			isa = PBXGroup;
			children = (
				0DF4B7E021CF854D006E6E80 /* Controller */,
				0DF4B7E121CF854D006E6E80 /* Model */,
				0DF4B7E221CF854D006E6E80 /* View */,
			);
			path = Order;
			sourceTree = "<group>";
		};
		0DF4B7E021CF854D006E6E80 /* Controller */ = {
			isa = PBXGroup;
			children = (
				0DDB2FAD21D7D0DF00339101 /* HTZOrderViewController.h */,
				0DDB2FAE21D7D0DF00339101 /* HTZOrderViewController.m */,
				0D5C0B3A21E2632100BA0974 /* HTZOrderViewController.xib */,
				0D33436B21E7BC0D00332163 /* HTZOrderDetailViewController.h */,
				0D33436C21E7BC0D00332163 /* HTZOrderDetailViewController.m */,
			);
			path = Controller;
			sourceTree = "<group>";
		};
		0DF4B7E121CF854D006E6E80 /* Model */ = {
			isa = PBXGroup;
			children = (
				0DDA16C321E50AC800C1F65F /* HTZOrderCategoryItem.h */,
				0DDA16C421E50AC800C1F65F /* HTZOrderCategoryItem.m */,
				0DDA16C621E50ADE00C1F65F /* HTZOrderItem.h */,
				0DDA16C721E50ADE00C1F65F /* HTZOrderItem.m */,
			);
			path = Model;
			sourceTree = "<group>";
		};
		0DF4B7E221CF854D006E6E80 /* View */ = {
			isa = PBXGroup;
			children = (
				0D96920321E3C05300A71DE7 /* HTZOrderCategoryCell.h */,
				0D96920421E3C05300A71DE7 /* HTZOrderCategoryCell.m */,
				0D96920521E3C05300A71DE7 /* HTZOrderCategoryCell.xib */,
				0D96920821E3C0AC00A71DE7 /* HTZOrderCell.h */,
				0D96920921E3C0AC00A71DE7 /* HTZOrderCell.m */,
				0D96920A21E3C0AC00A71DE7 /* HTZOrderCell.xib */,
			);
			path = View;
			sourceTree = "<group>";
		};
		0DF4B7E321CF854D006E6E80 /* Home */ = {
			isa = PBXGroup;
			children = (
				0DF4B7E421CF854D006E6E80 /* Controller */,
				0D1FDB3E21F49DCB00658F74 /* Model */,
				0DF4B7E621CF854D006E6E80 /* View */,
			);
			path = Home;
			sourceTree = "<group>";
		};
		0DF4B7E421CF854D006E6E80 /* Controller */ = {
			isa = PBXGroup;
			children = (
				0DDB2FAA21D7D0B100339101 /* HTZHomeViewController.h */,
				0DDB2FAB21D7D0B100339101 /* HTZHomeViewController.m */,
				0D20754A21E877BF00A99694 /* HTZPlaceOrderViewController.h */,
				0D20754B21E877BF00A99694 /* HTZPlaceOrderViewController.m */,
				0D20754C21E877BF00A99694 /* HTZPlaceOrderViewController.xib */,
				0D43B2FF21F241FA00690E28 /* HTZPlaceOrderPreviewViewController.h */,
				0D43B30021F241FA00690E28 /* HTZPlaceOrderPreviewViewController.m */,
				0D43B30121F241FA00690E28 /* HTZPlaceOrderPreviewViewController.xib */,
				0DDFF31F21EB8A1E0034D972 /* HTZMyDraftViewController.h */,
				0DDFF32021EB8A1E0034D972 /* HTZMyDraftViewController.m */,
				0DDFF32121EB8A1E0034D972 /* HTZMyDraftViewController.xib */,
				0DDFF31021EB7BB30034D972 /* HTZMyTemplateViewController.h */,
				0DDFF31121EB7BB30034D972 /* HTZMyTemplateViewController.m */,
				0DDFF31221EB7BB30034D972 /* HTZMyTemplateViewController.xib */,
				0DDFF31521EB7F7D0034D972 /* HTZCreateTemplateViewController.h */,
				0DDFF31621EB7F7D0034D972 /* HTZCreateTemplateViewController.m */,
				0DDFF31721EB7F7D0034D972 /* HTZCreateTemplateViewController.xib */,
				0DDFF32421EB8ECC0034D972 /* HTZMessageCenterViewController.h */,
				0DDFF32521EB8ECC0034D972 /* HTZMessageCenterViewController.m */,
				0DDFF32621EB8ECC0034D972 /* HTZMessageCenterViewController.xib */,
				0DDFF32921EB90A20034D972 /* HTZMessageDetailViewController.h */,
				0DDFF32A21EB90A20034D972 /* HTZMessageDetailViewController.m */,
				0DDFF32B21EB90A20034D972 /* HTZMessageDetailViewController.xib */,
				0D43B30421F244A800690E28 /* HTZProductionPlanViewController.h */,
				0D43B30521F244A800690E28 /* HTZProductionPlanViewController.m */,
				0D43B30621F244A800690E28 /* HTZProductionPlanViewController.xib */,
				0D43B30921F2476D00690E28 /* HTZWaybillManagementViewController.h */,
				0D43B30A21F2476D00690E28 /* HTZWaybillManagementViewController.m */,
				0D43B30B21F2476D00690E28 /* HTZWaybillManagementViewController.xib */,
			);
			path = Controller;
			sourceTree = "<group>";
		};
		0DF4B7E621CF854D006E6E80 /* View */ = {
			isa = PBXGroup;
			children = (
				0D13261821FC411E00B0AD4E /* HTZHomeTableView.h */,
				0D13261921FC411E00B0AD4E /* HTZHomeTableView.m */,
				0DFE97232200625E000764F8 /* HTZHomeOptionBarView.h */,
				0DFE97242200625E000764F8 /* HTZHomeOptionBarView.m */,
				0DFE972922006FF0000764F8 /* HTZHomeOptionBarCell.h */,
				0DFE972A22006FF0000764F8 /* HTZHomeOptionBarCell.m */,
				0DFE972B22006FF0000764F8 /* HTZHomeOptionBarCell.xib */,
				0D0E67BA2205B6A4007429D4 /* HTZHomeOptionBarReplacementView.h */,
				0D0E67BB2205B6A4007429D4 /* HTZHomeOptionBarReplacementView.m */,
				0D0E67BD2205BBD0007429D4 /* HTZHomeOptionBarReplacementCell.h */,
				0D0E67BE2205BBD0007429D4 /* HTZHomeOptionBarReplacementCell.m */,
				0D0E67BF2205BBD0007429D4 /* HTZHomeOptionBarReplacementCell.xib */,
				0D0E67C22205C7C0007429D4 /* HTZHomeTableViewHeader.h */,
				0D0E67C32205C7C0007429D4 /* HTZHomeTableViewHeader.m */,
				0D0E33B42202A83D0035E70B /* HTZHomeVerticalButton.h */,
				0D0E33B52202A83D0035E70B /* HTZHomeVerticalButton.m */,
				0DFE97262200629B000764F8 /* HTZHomeBannerView.h */,
				0DFE97272200629B000764F8 /* HTZHomeBannerView.m */,
				0DBF8A36220BFC11007546D1 /* HTZHomeBannerCell.h */,
				0DBF8A37220BFC11007546D1 /* HTZHomeBannerCell.m */,
				0D22932221F57AA600917B3B /* HTZMyDraftCell.h */,
				0D22932321F57AA600917B3B /* HTZMyDraftCell.m */,
				0D22932421F57AA600917B3B /* HTZMyDraftCell.xib */,
				0DDFF31A21EB84310034D972 /* HTZMyTemplateCell.h */,
				0DDFF31B21EB84310034D972 /* HTZMyTemplateCell.m */,
				0DDFF31C21EB84310034D972 /* HTZMyTemplateCell.xib */,
				0D6774EA21F36C8200D9B728 /* HTZProductionPlanCell.h */,
				0D6774EB21F36C8200D9B728 /* HTZProductionPlanCell.m */,
				0D6774EC21F36C8200D9B728 /* HTZProductionPlanCell.xib */,
				0DCF2FB921F62DD40016E9AB /* HTZMessageCell.h */,
				0DCF2FBA21F62DD40016E9AB /* HTZMessageCell.m */,
				0DCF2FBB21F62DD40016E9AB /* HTZMessageCell.xib */,
				0D0DC0BD21F83CB100B67D35 /* HTZMessageBar.h */,
				0D0DC0BE21F83CB100B67D35 /* HTZMessageBar.m */,
				0D0DC0C821F8629900B67D35 /* HTZMessageCategoryCell.h */,
				0D0DC0C921F8629900B67D35 /* HTZMessageCategoryCell.m */,
				0D0DC0CA21F8629900B67D35 /* HTZMessageCategoryCell.xib */,
			);
			path = View;
			sourceTree = "<group>";
		};
		0DF4B7E721CF854D006E6E80 /* Platform */ = {
			isa = PBXGroup;
			children = (
				0DF4B7E821CF854D006E6E80 /* Controller */,
				0DF4B7E921CF854D006E6E80 /* Model */,
				0DF4B7EA21CF854D006E6E80 /* View */,
			);
			path = Platform;
			sourceTree = "<group>";
		};
		0DF4B7E821CF854D006E6E80 /* Controller */ = {
			isa = PBXGroup;
			children = (
				0DDB2FB021D7D10F00339101 /* HTZPlatformViewController.h */,
				0DDB2FB121D7D10F00339101 /* HTZPlatformViewController.m */,
			);
			path = Controller;
			sourceTree = "<group>";
		};
		0DF4B7E921CF854D006E6E80 /* Model */ = {
			isa = PBXGroup;
			children = (
			);
			path = Model;
			sourceTree = "<group>";
		};
		0DF4B7EA21CF854D006E6E80 /* View */ = {
			isa = PBXGroup;
			children = (
			);
			path = View;
			sourceTree = "<group>";
		};
		0DF4B7EB21CF854D006E6E80 /* Other */ = {
			isa = PBXGroup;
			children = (
				0DF4B7EE21CF854D006E6E80 /* Controller */,
				0DF4B7ED21CF854D006E6E80 /* Category */,
				0DF4B7F021CF854D006E6E80 /* View */,
				0DDB2FA021D7CDAF00339101 /* Tool */,
				0DF4B7EF21CF854D006E6E80 /* main.m */,
				0DF4B7EC21CF854D006E6E80 /* AppDelegate.h */,
				0DF4B7F121CF854D006E6E80 /* AppDelegate.m */,
				0DF4B80721CF86C8006E6E80 /* HTZPrefixHeader.pch */,
				0DF6218621F9A08F00B27171 /* HTZTabBarData.plist */,
				0DF0BAEA21E07065004A5573 /* HTZMeData.plist */,
				0D5C0B3821E2573400BA0974 /* HTZSettingData.plist */,
				0D69AC0B21F7348F00D70F64 /* HTZMessageCategoryData.plist */,
				0D0610622200B6900020CC85 /* HTZHomeData.plist */,
			);
			path = Other;
			sourceTree = "<group>";
		};
		0DF4B7ED21CF854D006E6E80 /* Category */ = {
			isa = PBXGroup;
			children = (
				0DF4B80E21CF9166006E6E80 /* UIView+HTZFrame.h */,
				0DF4B80F21CF9166006E6E80 /* UIView+HTZFrame.m */,
				0DF4B81121CF9DFA006E6E80 /* UIBarButtonItem+HTZExtension.h */,
				0DF4B81221CF9DFA006E6E80 /* UIBarButtonItem+HTZExtension.m */,
				0DDB2F9721D7C62400339101 /* UIColor+HTZHex.h */,
				0DDB2F9821D7C62400339101 /* UIColor+HTZHex.m */,
				0DDB2F9A21D7C74100339101 /* NSString+HTZExtension.h */,
				0DDB2F9B21D7C74100339101 /* NSString+HTZExtension.m */,
				0DDB2F9D21D7C82F00339101 /* UIView+HTZBezier.h */,
				0DDB2F9E21D7C82F00339101 /* UIView+HTZBezier.m */,
				0D0E33BD2202B2F50035E70B /* UIImage+HTZExtension.h */,
				0D0E33BE2202B2F50035E70B /* UIImage+HTZExtension.m */,
			);
			path = Category;
			sourceTree = "<group>";
		};
		0DF4B7EE21CF854D006E6E80 /* Controller */ = {
			isa = PBXGroup;
			children = (
				0DF4B80821CF87CF006E6E80 /* HTZTabBarController.h */,
				0DF4B80921CF87CF006E6E80 /* HTZTabBarController.m */,
				0DF4B80B21CF8BF3006E6E80 /* HTZNavigationController.h */,
				0DF4B80C21CF8BF3006E6E80 /* HTZNavigationController.m */,
				0DDB2FA721D7CFCD00339101 /* HTZBaseViewController.h */,
				0DDB2FA821D7CFCD00339101 /* HTZBaseViewController.m */,
				0D33435E21E7BAAC00332163 /* HTZLoginViewController.h */,
				0D33435621E7BAAC00332163 /* HTZLoginViewController.m */,
				0D33435D21E7BAAC00332163 /* HTZLoginViewController.xib */,
				0D33434F21E7BAAC00332163 /* HTZRegisterViewController.h */,
				0D33435B21E7BAAC00332163 /* HTZRegisterViewController.m */,
				0D33435021E7BAAC00332163 /* HTZRegisterViewController.xib */,
				0D33435921E7BAAC00332163 /* HTZPerfectInformationViewController.h */,
				0D33435721E7BAAC00332163 /* HTZPerfectInformationViewController.m */,
				0D33435521E7BAAC00332163 /* HTZPerfectInformationViewController.xib */,
				0D33435221E7BAAC00332163 /* HTZRegisterSuccessViewController.h */,
				0D33434D21E7BAAC00332163 /* HTZRegisterSuccessViewController.m */,
				0D33435A21E7BAAC00332163 /* HTZRegisterSuccessViewController.xib */,
				0D33434E21E7BAAC00332163 /* HTZForgetPasswordViewController.h */,
				0D33435121E7BAAC00332163 /* HTZForgetPasswordViewController.m */,
				0D33435C21E7BAAC00332163 /* HTZForgetPasswordViewController.xib */,
				0D33435821E7BAAC00332163 /* HTZModifyPasswordViewController.h */,
				0D33435421E7BAAC00332163 /* HTZModifyPasswordViewController.m */,
				0D33435321E7BAAC00332163 /* HTZModifyPasswordViewController.xib */,
			);
			path = Controller;
			sourceTree = "<group>";
		};
		0DF4B7F021CF854D006E6E80 /* View */ = {
			isa = PBXGroup;
			children = (
				0D5C40B521EA505F0053B6F2 /* HTZTextField.h */,
				0D5C40B621EA505F0053B6F2 /* HTZTextField.m */,
				0D2A9F9C21EECBBF00FB2191 /* HTZSelectView.h */,
				0D2A9F9D21EECBBF00FB2191 /* HTZSelectView.m */,
				0D14F54E21F71E08003D51D9 /* HTZLeftIntervalLabel.h */,
				0D14F54F21F71E08003D51D9 /* HTZLeftIntervalLabel.m */,
			);
			path = View;
			sourceTree = "<group>";
		};
		0DF4B7F221CF854D006E6E80 /* Me */ = {
			isa = PBXGroup;
			children = (
				0DF4B7F321CF854D006E6E80 /* Controller */,
				0DF4B7F621CF854D006E6E80 /* Model */,
				0DF4B7F721CF854D006E6E80 /* View */,
			);
			path = Me;
			sourceTree = "<group>";
		};
		0DF4B7F321CF854D006E6E80 /* Controller */ = {
			isa = PBXGroup;
			children = (
				0DDB2FB321D7D14300339101 /* HTZMeViewController.h */,
				0DDB2FB421D7D14300339101 /* HTZMeViewController.m */,
				0DF0BAE021E0644C004A5573 /* HTZMeViewController.xib */,
				0D29059D21E1C43600D83D60 /* HTZPersonalInformationViewController.h */,
				0D29059E21E1C43600D83D60 /* HTZPersonalInformationViewController.m */,
				0D29059F21E1C43600D83D60 /* HTZPersonalInformationViewController.xib */,
				0D2AD25A21E740ED0086B4EE /* HTZModifyPersonalInformationViewController.h */,
				0D2AD25B21E740ED0086B4EE /* HTZModifyPersonalInformationViewController.m */,
				0D2AD25C21E740ED0086B4EE /* HTZModifyPersonalInformationViewController.xib */,
				0D2905A221E1C7F900D83D60 /* HTZOriginalModifyPasswordViewController.h */,
				0D2905A321E1C7F900D83D60 /* HTZOriginalModifyPasswordViewController.m */,
				0D2905A421E1C7F900D83D60 /* HTZOriginalModifyPasswordViewController.xib */,
				0D2905A721E1C87600D83D60 /* HTZInviteFriendsViewController.h */,
				0D2905A821E1C87600D83D60 /* HTZInviteFriendsViewController.m */,
				0D2905A921E1C87600D83D60 /* HTZInviteFriendsViewController.xib */,
				0D2905AC21E1C8CD00D83D60 /* HTZAdviceFeedbackViewController.h */,
				0D2905AD21E1C8CD00D83D60 /* HTZAdviceFeedbackViewController.m */,
				0D2905AE21E1C8CD00D83D60 /* HTZAdviceFeedbackViewController.xib */,
				0D2905B121E1C91200D83D60 /* HTZSettingViewController.h */,
				0D2905B221E1C91200D83D60 /* HTZSettingViewController.m */,
				0D2905B321E1C91200D83D60 /* HTZSettingViewController.xib */,
				0D2AD26321E756C80086B4EE /* HTZAboutUsViewController.h */,
				0D2AD26421E756C80086B4EE /* HTZAboutUsViewController.m */,
				0D2AD26521E756C80086B4EE /* HTZAboutUsViewController.xib */,
			);
			path = Controller;
			sourceTree = "<group>";
		};
		0DF4B7F621CF854D006E6E80 /* Model */ = {
			isa = PBXGroup;
			children = (
				0DF0BAE721E06F1A004A5573 /* HTZMeItem.h */,
				0DF0BAE821E06F1A004A5573 /* HTZMeItem.m */,
				0D6774F421F389D000D9B728 /* HTZSettingItem.h */,
				0D6774F521F389D000D9B728 /* HTZSettingItem.m */,
			);
			path = Model;
			sourceTree = "<group>";
		};
		0DF4B7F721CF854D006E6E80 /* View */ = {
			isa = PBXGroup;
			children = (
				0DF0BAE221E06B63004A5573 /* HTZMeCell.h */,
				0DF0BAE321E06B63004A5573 /* HTZMeCell.m */,
				0DF0BAE421E06B63004A5573 /* HTZMeCell.xib */,
				0DE33C8F21E10FD600B54302 /* HTZMeTableViewHeader.h */,
				0DE33C9021E10FD600B54302 /* HTZMeTableViewHeader.m */,
				0DE33C9221E10FFB00B54302 /* HTZMeTableViewHeader.xib */,
				0D6774EF21F379A100D9B728 /* HTZSettingCell.h */,
				0D6774F021F379A100D9B728 /* HTZSettingCell.m */,
				0D6774F121F379A100D9B728 /* HTZSettingCell.xib */,
			);
			path = View;
			sourceTree = "<group>";
		};
		1CF40E392F59C289C46B2716 /* Frameworks */ = {
			isa = PBXGroup;
			children = (
				0823FCE57FDF0E59B8B66823 /* libPods-HaoTongZhi.a */,
			);
			name = Frameworks;
			sourceTree = "<group>";
		};
/* End PBXGroup section */

/* Begin PBXNativeTarget section */
		0DF4B7C421CF6103006E6E80 /* HaoTongZhi */ = {
			isa = PBXNativeTarget;
			buildConfigurationList = 0DF4B7DB21CF6105006E6E80 /* Build configuration list for PBXNativeTarget "HaoTongZhi" */;
			buildPhases = (
				269434578FDBF5192F0296C7 /* [CP] Check Pods Manifest.lock */,
				0DF4B7C121CF6103006E6E80 /* Sources */,
				0DF4B7C221CF6103006E6E80 /* Frameworks */,
				0DF4B7C321CF6103006E6E80 /* Resources */,
				F8B28D72DCFD657D069FE1DE /* [CP] Copy Pods Resources */,
			);
			buildRules = (
			);
			dependencies = (
			);
			name = HaoTongZhi;
			productName = HaoTongZhi;
			productReference = 0DF4B7C521CF6103006E6E80 /* HaoTongZhi.app */;
			productType = "com.apple.product-type.application";
		};
/* End PBXNativeTarget section */

/* Begin PBXProject section */
		0DF4B7BD21CF6103006E6E80 /* Project object */ = {
			isa = PBXProject;
			attributes = {
				CLASSPREFIX = HTZ;
				LastUpgradeCheck = 0930;
				ORGANIZATIONNAME = com.cscec.xbjs;
				TargetAttributes = {
					0DF4B7C421CF6103006E6E80 = {
						CreatedOnToolsVersion = 9.3;
					};
				};
			};
			buildConfigurationList = 0DF4B7C021CF6103006E6E80 /* Build configuration list for PBXProject "HaoTongZhi" */;
			compatibilityVersion = "Xcode 9.3";
			developmentRegion = en;
			hasScannedForEncodings = 0;
			knownRegions = (
				en,
				Base,
			);
			mainGroup = 0DF4B7BC21CF6103006E6E80;
			productRefGroup = 0DF4B7C621CF6103006E6E80 /* Products */;
			projectDirPath = "";
			projectRoot = "";
			targets = (
				0DF4B7C421CF6103006E6E80 /* HaoTongZhi */,
			);
		};
/* End PBXProject section */

/* Begin PBXResourcesBuildPhase section */
		0DF4B7C321CF6103006E6E80 /* Resources */ = {
			isa = PBXResourcesBuildPhase;
			buildActionMask = 2147483647;
			files = (
				0D22932621F57AA600917B3B /* HTZMyDraftCell.xib in Resources */,
				0DF6218721F9A08F00B27171 /* HTZTabBarData.plist in Resources */,
				0DDFF32821EB8ECC0034D972 /* HTZMessageCenterViewController.xib in Resources */,
				0DF0BAE621E06B63004A5573 /* HTZMeCell.xib in Resources */,
				0DE33C9321E10FFB00B54302 /* HTZMeTableViewHeader.xib in Resources */,
				0D2905AB21E1C87600D83D60 /* HTZInviteFriendsViewController.xib in Resources */,
				0DDFF31921EB7F7D0034D972 /* HTZCreateTemplateViewController.xib in Resources */,
				0D5C0B3921E2573500BA0974 /* HTZSettingData.plist in Resources */,
				0DDFF32321EB8A1E0034D972 /* HTZMyDraftViewController.xib in Resources */,
				0DF0BAEB21E07065004A5573 /* HTZMeData.plist in Resources */,
				0DDFF32D21EB90A20034D972 /* HTZMessageDetailViewController.xib in Resources */,
				0DDFF31E21EB84310034D972 /* HTZMyTemplateCell.xib in Resources */,
				0D6774F321F379A100D9B728 /* HTZSettingCell.xib in Resources */,
				0D2905B521E1C91200D83D60 /* HTZSettingViewController.xib in Resources */,
				0D2905A621E1C7F900D83D60 /* HTZOriginalModifyPasswordViewController.xib in Resources */,
				0D33436A21E7BAAD00332163 /* HTZLoginViewController.xib in Resources */,
				0D33436921E7BAAD00332163 /* HTZForgetPasswordViewController.xib in Resources */,
				0D33436721E7BAAD00332163 /* HTZRegisterSuccessViewController.xib in Resources */,
				0D0E67C12205BBD0007429D4 /* HTZHomeOptionBarReplacementCell.xib in Resources */,
				0D96920C21E3C0AC00A71DE7 /* HTZOrderCell.xib in Resources */,
				0D6774EE21F36C8200D9B728 /* HTZProductionPlanCell.xib in Resources */,
				0DFE972D22006FF0000764F8 /* HTZHomeOptionBarCell.xib in Resources */,
				0D33436421E7BAAD00332163 /* HTZPerfectInformationViewController.xib in Resources */,
				0D2AD26721E756C80086B4EE /* HTZAboutUsViewController.xib in Resources */,
				0D2905B021E1C8CD00D83D60 /* HTZAdviceFeedbackViewController.xib in Resources */,
				0D43B30821F244A800690E28 /* HTZProductionPlanViewController.xib in Resources */,
				0D2AD25E21E740ED0086B4EE /* HTZModifyPersonalInformationViewController.xib in Resources */,
				0D43B30321F241FA00690E28 /* HTZPlaceOrderPreviewViewController.xib in Resources */,
				0DF4B7D521CF6105006E6E80 /* LaunchScreen.storyboard in Resources */,
				0D2905A121E1C43600D83D60 /* HTZPersonalInformationViewController.xib in Resources */,
				0DF0BAE121E0644C004A5573 /* HTZMeViewController.xib in Resources */,
				0D33436021E7BAAC00332163 /* HTZRegisterViewController.xib in Resources */,
				0D96920721E3C05300A71DE7 /* HTZOrderCategoryCell.xib in Resources */,
				0D0610632200B6900020CC85 /* HTZHomeData.plist in Resources */,
				0D5C0B3B21E2632100BA0974 /* HTZOrderViewController.xib in Resources */,
				0D43B30D21F2476D00690E28 /* HTZWaybillManagementViewController.xib in Resources */,
				0D33436221E7BAAD00332163 /* HTZModifyPasswordViewController.xib in Resources */,
				0D69AC0C21F7348F00D70F64 /* HTZMessageCategoryData.plist in Resources */,
				0DDFF31421EB7BB30034D972 /* HTZMyTemplateViewController.xib in Resources */,
				0D0DC0CC21F8629A00B67D35 /* HTZMessageCategoryCell.xib in Resources */,
				0D20754E21E877BF00A99694 /* HTZPlaceOrderViewController.xib in Resources */,
				0DF4B7D221CF6105006E6E80 /* Assets.xcassets in Resources */,
				0DCF2FBD21F62DD40016E9AB /* HTZMessageCell.xib in Resources */,
			);
			runOnlyForDeploymentPostprocessing = 0;
		};
/* End PBXResourcesBuildPhase section */

/* Begin PBXShellScriptBuildPhase section */
		269434578FDBF5192F0296C7 /* [CP] Check Pods Manifest.lock */ = {
			isa = PBXShellScriptBuildPhase;
			buildActionMask = 2147483647;
			files = (
			);
			inputPaths = (
				"${PODS_PODFILE_DIR_PATH}/Podfile.lock",
				"${PODS_ROOT}/Manifest.lock",
			);
			name = "[CP] Check Pods Manifest.lock";
			outputPaths = (
				"$(DERIVED_FILE_DIR)/Pods-HaoTongZhi-checkManifestLockResult.txt",
			);
			runOnlyForDeploymentPostprocessing = 0;
			shellPath = /bin/sh;
			shellScript = "diff \"${PODS_PODFILE_DIR_PATH}/Podfile.lock\" \"${PODS_ROOT}/Manifest.lock\" > /dev/null\nif [ $? != 0 ] ; then\n    # print error to STDERR\n    echo \"error: The sandbox is not in sync with the Podfile.lock. Run 'pod install' or update your CocoaPods installation.\" >&2\n    exit 1\nfi\n# This output is used by Xcode 'outputs' to avoid re-running this script phase.\necho \"SUCCESS\" > \"${SCRIPT_OUTPUT_FILE_0}\"\n";
			showEnvVarsInLog = 0;
		};
		F8B28D72DCFD657D069FE1DE /* [CP] Copy Pods Resources */ = {
			isa = PBXShellScriptBuildPhase;
			buildActionMask = 2147483647;
			files = (
			);
			inputPaths = (
				"${SRCROOT}/Pods/Target Support Files/Pods-HaoTongZhi/Pods-HaoTongZhi-resources.sh",
				"${PODS_ROOT}/MJRefresh/MJRefresh/MJRefresh.bundle",
				"${PODS_ROOT}/SVProgressHUD/SVProgressHUD/SVProgressHUD.bundle",
			);
			name = "[CP] Copy Pods Resources";
			outputPaths = (
				"${TARGET_BUILD_DIR}/${UNLOCALIZED_RESOURCES_FOLDER_PATH}/MJRefresh.bundle",
				"${TARGET_BUILD_DIR}/${UNLOCALIZED_RESOURCES_FOLDER_PATH}/SVProgressHUD.bundle",
			);
			runOnlyForDeploymentPostprocessing = 0;
			shellPath = /bin/sh;
			shellScript = "\"${SRCROOT}/Pods/Target Support Files/Pods-HaoTongZhi/Pods-HaoTongZhi-resources.sh\"\n";
			showEnvVarsInLog = 0;
		};
/* End PBXShellScriptBuildPhase section */

/* Begin PBXSourcesBuildPhase section */
		0DF4B7C121CF6103006E6E80 /* Sources */ = {
			isa = PBXSourcesBuildPhase;
			buildActionMask = 2147483647;
			files = (
				0DF4B81321CF9DFA006E6E80 /* UIBarButtonItem+HTZExtension.m in Sources */,
				0D2905AA21E1C87600D83D60 /* HTZInviteFriendsViewController.m in Sources */,
				0D1FDB4121F49DCB00658F74 /* HTZProductionPlanItem.m in Sources */,
				0D2905A521E1C7F900D83D60 /* HTZOriginalModifyPasswordViewController.m in Sources */,
				0D0E67BC2205B6A4007429D4 /* HTZHomeOptionBarReplacementView.m in Sources */,
				0DDB2FB521D7D14300339101 /* HTZMeViewController.m in Sources */,
				0DCF2FB821F62DA00016E9AB /* HTZMessageItem.m in Sources */,
				0D22931E21F5771B00917B3B /* HTZMyTemplateItem.m in Sources */,
				0DDB2F9921D7C62400339101 /* UIColor+HTZHex.m in Sources */,
				0D33436521E7BAAD00332163 /* HTZLoginViewController.m in Sources */,
				0D6774ED21F36C8200D9B728 /* HTZProductionPlanCell.m in Sources */,
				0DDB2FA921D7CFCD00339101 /* HTZBaseViewController.m in Sources */,
				0DDFF31321EB7BB30034D972 /* HTZMyTemplateViewController.m in Sources */,
				0DDB2FB221D7D10F00339101 /* HTZPlatformViewController.m in Sources */,
				0DF4B7F921CF854D006E6E80 /* AppDelegate.m in Sources */,
				0DDB2FAF21D7D0DF00339101 /* HTZOrderViewController.m in Sources */,
				0D69AC1221F7357E00D70F64 /* HTZMessageCategoryItem.m in Sources */,
				0D2A9F9E21EECBBF00FB2191 /* HTZSelectView.m in Sources */,
				0D2AD25D21E740ED0086B4EE /* HTZModifyPersonalInformationViewController.m in Sources */,
				0D2905A021E1C43600D83D60 /* HTZPersonalInformationViewController.m in Sources */,
				0D33436D21E7BC0D00332163 /* HTZOrderDetailViewController.m in Sources */,
				0D22932121F57A7200917B3B /* HTZMyDraftItem.m in Sources */,
				0D96920B21E3C0AC00A71DE7 /* HTZOrderCell.m in Sources */,
				0D20754D21E877BF00A99694 /* HTZPlaceOrderViewController.m in Sources */,
				0DDFF32C21EB90A20034D972 /* HTZMessageDetailViewController.m in Sources */,
				0D2905AF21E1C8CD00D83D60 /* HTZAdviceFeedbackViewController.m in Sources */,
				0D6774F621F389D000D9B728 /* HTZSettingItem.m in Sources */,
				0DF4B81021CF9166006E6E80 /* UIView+HTZFrame.m in Sources */,
				0DFE97252200625E000764F8 /* HTZHomeOptionBarView.m in Sources */,
				0D0E67C02205BBD0007429D4 /* HTZHomeOptionBarReplacementCell.m in Sources */,
				0DFE9730220070C0000764F8 /* HTZHomeOptionBarItem.m in Sources */,
				0D33436121E7BAAC00332163 /* HTZForgetPasswordViewController.m in Sources */,
				0DF4B80A21CF87CF006E6E80 /* HTZTabBarController.m in Sources */,
				0D5C40B721EA505F0053B6F2 /* HTZTextField.m in Sources */,
				0DDB2F9C21D7C74100339101 /* NSString+HTZExtension.m in Sources */,
				0D0DC0CB21F8629900B67D35 /* HTZMessageCategoryCell.m in Sources */,
				0D0E67C42205C7C0007429D4 /* HTZHomeTableViewHeader.m in Sources */,
				0DDFF31D21EB84310034D972 /* HTZMyTemplateCell.m in Sources */,
				0DFE972C22006FF0000764F8 /* HTZHomeOptionBarCell.m in Sources */,
				0DBF8A38220BFC11007546D1 /* HTZHomeBannerCell.m in Sources */,
				0DDB2FA621D7CF7200339101 /* HTZNetworkTool.m in Sources */,
				0D6774F221F379A100D9B728 /* HTZSettingCell.m in Sources */,
				0DF0BAE921E06F1A004A5573 /* HTZMeItem.m in Sources */,
				0DF4B80D21CF8BF3006E6E80 /* HTZNavigationController.m in Sources */,
				0D6D467B21E345EE00D9C073 /* HTZProgressHUD.m in Sources */,
				0D0E33B62202A83D0035E70B /* HTZHomeVerticalButton.m in Sources */,
				0DDB2FA321D7CDEE00339101 /* HTZGlobeConst.m in Sources */,
				0D43B30221F241FA00690E28 /* HTZPlaceOrderPreviewViewController.m in Sources */,
				0D2AD26621E756C80086B4EE /* HTZAboutUsViewController.m in Sources */,
				0DBF8A3E220C0CEA007546D1 /* HTZWeakTimerTarget.m in Sources */,
				0D33435F21E7BAAC00332163 /* HTZRegisterSuccessViewController.m in Sources */,
				0D33436821E7BAAD00332163 /* HTZRegisterViewController.m in Sources */,
				0D22932521F57AA600917B3B /* HTZMyDraftCell.m in Sources */,
				0DDA16C821E50ADE00C1F65F /* HTZOrderItem.m in Sources */,
				0DDFF32721EB8ECC0034D972 /* HTZMessageCenterViewController.m in Sources */,
				0DDB2F9F21D7C82F00339101 /* UIView+HTZBezier.m in Sources */,
				0DCF2FBC21F62DD40016E9AB /* HTZMessageCell.m in Sources */,
				0DFE97282200629B000764F8 /* HTZHomeBannerView.m in Sources */,
				0D43B30C21F2476D00690E28 /* HTZWaybillManagementViewController.m in Sources */,
				0D2905B421E1C91200D83D60 /* HTZSettingViewController.m in Sources */,
				0DF4B7F821CF854D006E6E80 /* main.m in Sources */,
				0DDFF31821EB7F7D0034D972 /* HTZCreateTemplateViewController.m in Sources */,
				0DF0BAE521E06B63004A5573 /* HTZMeCell.m in Sources */,
				0D43B30721F244A800690E28 /* HTZProductionPlanViewController.m in Sources */,
				0D13261A21FC411E00B0AD4E /* HTZHomeTableView.m in Sources */,
				0DDFF32221EB8A1E0034D972 /* HTZMyDraftViewController.m in Sources */,
				0DBF8A3B220C09FE007546D1 /* HTZHomeBannerItem.m in Sources */,
				0DDA16C521E50AC800C1F65F /* HTZOrderCategoryItem.m in Sources */,
				0D0DC0BF21F83CB100B67D35 /* HTZMessageBar.m in Sources */,
				0D294D682205FFDA0031B30A /* HTZHomeTableViewHeaderItem.m in Sources */,
				0D33436621E7BAAD00332163 /* HTZPerfectInformationViewController.m in Sources */,
				0D20754721E83E9300A99694 /* HTZSystemTool.m in Sources */,
				0D14F55021F71E08003D51D9 /* HTZLeftIntervalLabel.m in Sources */,
				0D96920621E3C05300A71DE7 /* HTZOrderCategoryCell.m in Sources */,
				0D33436321E7BAAD00332163 /* HTZModifyPasswordViewController.m in Sources */,
				0DDB2FAC21D7D0B100339101 /* HTZHomeViewController.m in Sources */,
				0D0E33BF2202B2F50035E70B /* UIImage+HTZExtension.m in Sources */,
				0DE33C9121E10FD600B54302 /* HTZMeTableViewHeader.m in Sources */,
			);
			runOnlyForDeploymentPostprocessing = 0;
		};
/* End PBXSourcesBuildPhase section */

/* Begin PBXVariantGroup section */
		0DF4B7D321CF6105006E6E80 /* LaunchScreen.storyboard */ = {
			isa = PBXVariantGroup;
			children = (
				0DF4B7D421CF6105006E6E80 /* Base */,
			);
			name = LaunchScreen.storyboard;
			sourceTree = "<group>";
		};
/* End PBXVariantGroup section */

/* Begin XCBuildConfiguration section */
		0DF4B7D921CF6105006E6E80 /* Debug */ = {
			isa = XCBuildConfiguration;
			buildSettings = {
				ALWAYS_SEARCH_USER_PATHS = NO;
				CLANG_ANALYZER_NONNULL = YES;
				CLANG_ANALYZER_NUMBER_OBJECT_CONVERSION = YES_AGGRESSIVE;
				CLANG_CXX_LANGUAGE_STANDARD = "gnu++14";
				CLANG_CXX_LIBRARY = "libc++";
				CLANG_ENABLE_MODULES = YES;
				CLANG_ENABLE_OBJC_ARC = YES;
				CLANG_ENABLE_OBJC_WEAK = YES;
				CLANG_WARN_BLOCK_CAPTURE_AUTORELEASING = YES;
				CLANG_WARN_BOOL_CONVERSION = YES;
				CLANG_WARN_COMMA = YES;
				CLANG_WARN_CONSTANT_CONVERSION = YES;
				CLANG_WARN_DEPRECATED_OBJC_IMPLEMENTATIONS = YES;
				CLANG_WARN_DIRECT_OBJC_ISA_USAGE = YES_ERROR;
				CLANG_WARN_DOCUMENTATION_COMMENTS = YES;
				CLANG_WARN_EMPTY_BODY = YES;
				CLANG_WARN_ENUM_CONVERSION = YES;
				CLANG_WARN_INFINITE_RECURSION = YES;
				CLANG_WARN_INT_CONVERSION = YES;
				CLANG_WARN_NON_LITERAL_NULL_CONVERSION = YES;
				CLANG_WARN_OBJC_IMPLICIT_RETAIN_SELF = YES;
				CLANG_WARN_OBJC_LITERAL_CONVERSION = YES;
				CLANG_WARN_OBJC_ROOT_CLASS = YES_ERROR;
				CLANG_WARN_RANGE_LOOP_ANALYSIS = YES;
				CLANG_WARN_STRICT_PROTOTYPES = YES;
				CLANG_WARN_SUSPICIOUS_MOVE = YES;
				CLANG_WARN_UNGUARDED_AVAILABILITY = YES_AGGRESSIVE;
				CLANG_WARN_UNREACHABLE_CODE = YES;
				CLANG_WARN__DUPLICATE_METHOD_MATCH = YES;
				CODE_SIGN_IDENTITY = "iPhone Developer";
				COPY_PHASE_STRIP = NO;
				DEBUG_INFORMATION_FORMAT = dwarf;
				ENABLE_STRICT_OBJC_MSGSEND = YES;
				ENABLE_TESTABILITY = YES;
				GCC_C_LANGUAGE_STANDARD = gnu11;
				GCC_DYNAMIC_NO_PIC = NO;
				GCC_NO_COMMON_BLOCKS = YES;
				GCC_OPTIMIZATION_LEVEL = 0;
				GCC_PREPROCESSOR_DEFINITIONS = (
					"DEBUG=1",
					"$(inherited)",
				);
				GCC_WARN_64_TO_32_BIT_CONVERSION = YES;
				GCC_WARN_ABOUT_RETURN_TYPE = YES_ERROR;
				GCC_WARN_UNDECLARED_SELECTOR = YES;
				GCC_WARN_UNINITIALIZED_AUTOS = YES_AGGRESSIVE;
				GCC_WARN_UNUSED_FUNCTION = YES;
				GCC_WARN_UNUSED_VARIABLE = YES;
				IPHONEOS_DEPLOYMENT_TARGET = 11.3;
				MTL_ENABLE_DEBUG_INFO = YES;
				ONLY_ACTIVE_ARCH = YES;
				SDKROOT = iphoneos;
			};
			name = Debug;
		};
		0DF4B7DA21CF6105006E6E80 /* Release */ = {
			isa = XCBuildConfiguration;
			buildSettings = {
				ALWAYS_SEARCH_USER_PATHS = NO;
				CLANG_ANALYZER_NONNULL = YES;
				CLANG_ANALYZER_NUMBER_OBJECT_CONVERSION = YES_AGGRESSIVE;
				CLANG_CXX_LANGUAGE_STANDARD = "gnu++14";
				CLANG_CXX_LIBRARY = "libc++";
				CLANG_ENABLE_MODULES = YES;
				CLANG_ENABLE_OBJC_ARC = YES;
				CLANG_ENABLE_OBJC_WEAK = YES;
				CLANG_WARN_BLOCK_CAPTURE_AUTORELEASING = YES;
				CLANG_WARN_BOOL_CONVERSION = YES;
				CLANG_WARN_COMMA = YES;
				CLANG_WARN_CONSTANT_CONVERSION = YES;
				CLANG_WARN_DEPRECATED_OBJC_IMPLEMENTATIONS = YES;
				CLANG_WARN_DIRECT_OBJC_ISA_USAGE = YES_ERROR;
				CLANG_WARN_DOCUMENTATION_COMMENTS = YES;
				CLANG_WARN_EMPTY_BODY = YES;
				CLANG_WARN_ENUM_CONVERSION = YES;
				CLANG_WARN_INFINITE_RECURSION = YES;
				CLANG_WARN_INT_CONVERSION = YES;
				CLANG_WARN_NON_LITERAL_NULL_CONVERSION = YES;
				CLANG_WARN_OBJC_IMPLICIT_RETAIN_SELF = YES;
				CLANG_WARN_OBJC_LITERAL_CONVERSION = YES;
				CLANG_WARN_OBJC_ROOT_CLASS = YES_ERROR;
				CLANG_WARN_RANGE_LOOP_ANALYSIS = YES;
				CLANG_WARN_STRICT_PROTOTYPES = YES;
				CLANG_WARN_SUSPICIOUS_MOVE = YES;
				CLANG_WARN_UNGUARDED_AVAILABILITY = YES_AGGRESSIVE;
				CLANG_WARN_UNREACHABLE_CODE = YES;
				CLANG_WARN__DUPLICATE_METHOD_MATCH = YES;
				CODE_SIGN_IDENTITY = "iPhone Developer";
				COPY_PHASE_STRIP = NO;
				DEBUG_INFORMATION_FORMAT = "dwarf-with-dsym";
				ENABLE_NS_ASSERTIONS = NO;
				ENABLE_STRICT_OBJC_MSGSEND = YES;
				GCC_C_LANGUAGE_STANDARD = gnu11;
				GCC_NO_COMMON_BLOCKS = YES;
				GCC_WARN_64_TO_32_BIT_CONVERSION = YES;
				GCC_WARN_ABOUT_RETURN_TYPE = YES_ERROR;
				GCC_WARN_UNDECLARED_SELECTOR = YES;
				GCC_WARN_UNINITIALIZED_AUTOS = YES_AGGRESSIVE;
				GCC_WARN_UNUSED_FUNCTION = YES;
				GCC_WARN_UNUSED_VARIABLE = YES;
				IPHONEOS_DEPLOYMENT_TARGET = 11.3;
				MTL_ENABLE_DEBUG_INFO = NO;
				SDKROOT = iphoneos;
				VALIDATE_PRODUCT = YES;
			};
			name = Release;
		};
		0DF4B7DC21CF6105006E6E80 /* Debug */ = {
			isa = XCBuildConfiguration;
			baseConfigurationReference = 7CB97FF59BB070DE6DAA605F /* Pods-HaoTongZhi.debug.xcconfig */;
			buildSettings = {
				ASSETCATALOG_COMPILER_APPICON_NAME = AppIcon;
				CODE_SIGN_IDENTITY = "iPhone Developer";
				CODE_SIGN_STYLE = Automatic;
				DEVELOPMENT_TEAM = "";
				GCC_PRECOMPILE_PREFIX_HEADER = NO;
				GCC_PREFIX_HEADER = HaoTongZhi/Classes/Other/HTZPrefixHeader.pch;
				INFOPLIST_FILE = HaoTongZhi/Info.plist;
				IPHONEOS_DEPLOYMENT_TARGET = 8.0;
				LD_RUNPATH_SEARCH_PATHS = (
					"$(inherited)",
					"@executable_path/Frameworks",
				);
				PRODUCT_BUNDLE_IDENTIFIER = com.cscec.xbjs.htz.pgapp;
				PRODUCT_NAME = "$(TARGET_NAME)";
				PROVISIONING_PROFILE_SPECIFIER = "";
				TARGETED_DEVICE_FAMILY = "1,2";
			};
			name = Debug;
		};
		0DF4B7DD21CF6105006E6E80 /* Release */ = {
			isa = XCBuildConfiguration;
			baseConfigurationReference = B4C1D7704FEEB71E8E91C1A7 /* Pods-HaoTongZhi.release.xcconfig */;
			buildSettings = {
				ASSETCATALOG_COMPILER_APPICON_NAME = AppIcon;
				CODE_SIGN_IDENTITY = "iPhone Developer";
				CODE_SIGN_STYLE = Automatic;
				DEVELOPMENT_TEAM = "";
				GCC_PRECOMPILE_PREFIX_HEADER = NO;
				GCC_PREFIX_HEADER = HaoTongZhi/Classes/Other/HTZPrefixHeader.pch;
				INFOPLIST_FILE = HaoTongZhi/Info.plist;
				IPHONEOS_DEPLOYMENT_TARGET = 8.0;
				LD_RUNPATH_SEARCH_PATHS = (
					"$(inherited)",
					"@executable_path/Frameworks",
				);
				PRODUCT_BUNDLE_IDENTIFIER = com.cscec.xbjs.htz.pgapp;
				PRODUCT_NAME = "$(TARGET_NAME)";
				PROVISIONING_PROFILE_SPECIFIER = "";
				TARGETED_DEVICE_FAMILY = "1,2";
			};
			name = Release;
		};
/* End XCBuildConfiguration section */

/* Begin XCConfigurationList section */
		0DF4B7C021CF6103006E6E80 /* Build configuration list for PBXProject "HaoTongZhi" */ = {
			isa = XCConfigurationList;
			buildConfigurations = (
				0DF4B7D921CF6105006E6E80 /* Debug */,
				0DF4B7DA21CF6105006E6E80 /* Release */,
			);
			defaultConfigurationIsVisible = 0;
			defaultConfigurationName = Release;
		};
		0DF4B7DB21CF6105006E6E80 /* Build configuration list for PBXNativeTarget "HaoTongZhi" */ = {
			isa = XCConfigurationList;
			buildConfigurations = (
				0DF4B7DC21CF6105006E6E80 /* Debug */,
				0DF4B7DD21CF6105006E6E80 /* Release */,
			);
			defaultConfigurationIsVisible = 0;
			defaultConfigurationName = Release;
		};
/* End XCConfigurationList section */
	};
	rootObject = 0DF4B7BD21CF6103006E6E80 /* Project object */;
}
