// !$*UTF8*$!
{
	archiveVersion = 1;
	classes = {
	};
	objectVersion = 50;
	objects = {

/* Begin PBXBuildFile section */
		0D13956721DA12AF00C2E3A9 /* HTZRegisterViewController.m in Sources */ = {isa = PBXBuildFile; fileRef = 0D13956521DA12AF00C2E3A9 /* HTZRegisterViewController.m */; };
		0D13956821DA12AF00C2E3A9 /* HTZRegisterViewController.xib in Resources */ = {isa = PBXBuildFile; fileRef = 0D13956621DA12AF00C2E3A9 /* HTZRegisterViewController.xib */; };
		0D13956E21DA52E500C2E3A9 /* CALayer+BorderColor.m in Sources */ = {isa = PBXBuildFile; fileRef = 0D13956D21DA52E500C2E3A9 /* CALayer+BorderColor.m */; };
		0D13957221DA8E3F00C2E3A9 /* HTZForgetPasswordViewController.m in Sources */ = {isa = PBXBuildFile; fileRef = 0D13957021DA8E3F00C2E3A9 /* HTZForgetPasswordViewController.m */; };
		0D13957321DA8E3F00C2E3A9 /* HTZForgetPasswordViewController.xib in Resources */ = {isa = PBXBuildFile; fileRef = 0D13957121DA8E3F00C2E3A9 /* HTZForgetPasswordViewController.xib */; };
		0D2905A021E1C43600D83D60 /* HTZPersonalInformationViewController.m in Sources */ = {isa = PBXBuildFile; fileRef = 0D29059E21E1C43600D83D60 /* HTZPersonalInformationViewController.m */; };
		0D2905A121E1C43600D83D60 /* HTZPersonalInformationViewController.xib in Resources */ = {isa = PBXBuildFile; fileRef = 0D29059F21E1C43600D83D60 /* HTZPersonalInformationViewController.xib */; };
		0D2905A521E1C7F900D83D60 /* HTZOriginalModifyPasswordViewController.m in Sources */ = {isa = PBXBuildFile; fileRef = 0D2905A321E1C7F900D83D60 /* HTZOriginalModifyPasswordViewController.m */; };
		0D2905A621E1C7F900D83D60 /* HTZOriginalModifyPasswordViewController.xib in Resources */ = {isa = PBXBuildFile; fileRef = 0D2905A421E1C7F900D83D60 /* HTZOriginalModifyPasswordViewController.xib */; };
		0D2905AA21E1C87600D83D60 /* HTZInviteFriendsViewController.m in Sources */ = {isa = PBXBuildFile; fileRef = 0D2905A821E1C87600D83D60 /* HTZInviteFriendsViewController.m */; };
		0D2905AB21E1C87600D83D60 /* HTZInviteFriendsViewController.xib in Resources */ = {isa = PBXBuildFile; fileRef = 0D2905A921E1C87600D83D60 /* HTZInviteFriendsViewController.xib */; };
		0D2905AF21E1C8CD00D83D60 /* HTZAdviceFeedbackViewController.m in Sources */ = {isa = PBXBuildFile; fileRef = 0D2905AD21E1C8CD00D83D60 /* HTZAdviceFeedbackViewController.m */; };
		0D2905B021E1C8CD00D83D60 /* HTZAdviceFeedbackViewController.xib in Resources */ = {isa = PBXBuildFile; fileRef = 0D2905AE21E1C8CD00D83D60 /* HTZAdviceFeedbackViewController.xib */; };
		0D2905B421E1C91200D83D60 /* HTZSettingViewController.m in Sources */ = {isa = PBXBuildFile; fileRef = 0D2905B221E1C91200D83D60 /* HTZSettingViewController.m */; };
		0D2905B521E1C91200D83D60 /* HTZSettingViewController.xib in Resources */ = {isa = PBXBuildFile; fileRef = 0D2905B321E1C91200D83D60 /* HTZSettingViewController.xib */; };
		0D38247621DD11D4009C263F /* HTZModifyPasswordViewController.m in Sources */ = {isa = PBXBuildFile; fileRef = 0D38247421DD11D4009C263F /* HTZModifyPasswordViewController.m */; };
		0D38247721DD11D4009C263F /* HTZModifyPasswordViewController.xib in Resources */ = {isa = PBXBuildFile; fileRef = 0D38247521DD11D4009C263F /* HTZModifyPasswordViewController.xib */; };
		0D5C0B3921E2573500BA0974 /* HTZSettingData.plist in Resources */ = {isa = PBXBuildFile; fileRef = 0D5C0B3821E2573400BA0974 /* HTZSettingData.plist */; };
		0D5C0B3B21E2632100BA0974 /* HTZOrderViewController.xib in Resources */ = {isa = PBXBuildFile; fileRef = 0D5C0B3A21E2632100BA0974 /* HTZOrderViewController.xib */; };
		0D88173721DE473C00BE96FF /* HTZPerfectInformationViewController.m in Sources */ = {isa = PBXBuildFile; fileRef = 0D88173521DE473B00BE96FF /* HTZPerfectInformationViewController.m */; };
		0D88173821DE473C00BE96FF /* HTZPerfectInformationViewController.xib in Resources */ = {isa = PBXBuildFile; fileRef = 0D88173621DE473B00BE96FF /* HTZPerfectInformationViewController.xib */; };
		0D88173C21DE6DC600BE96FF /* HTZRegisterSuccessViewController.m in Sources */ = {isa = PBXBuildFile; fileRef = 0D88173A21DE6DC600BE96FF /* HTZRegisterSuccessViewController.m */; };
		0D88173D21DE6DC600BE96FF /* HTZRegisterSuccessViewController.xib in Resources */ = {isa = PBXBuildFile; fileRef = 0D88173B21DE6DC600BE96FF /* HTZRegisterSuccessViewController.xib */; };
		0DDB2F9921D7C62400339101 /* UIColor+HTZHex.m in Sources */ = {isa = PBXBuildFile; fileRef = 0DDB2F9821D7C62400339101 /* UIColor+HTZHex.m */; };
		0DDB2F9C21D7C74100339101 /* NSString+HTZExtension.m in Sources */ = {isa = PBXBuildFile; fileRef = 0DDB2F9B21D7C74100339101 /* NSString+HTZExtension.m */; };
		0DDB2F9F21D7C82F00339101 /* UIView+HTZBezier.m in Sources */ = {isa = PBXBuildFile; fileRef = 0DDB2F9E21D7C82F00339101 /* UIView+HTZBezier.m */; };
		0DDB2FA321D7CDEE00339101 /* HTZGlobeConst.m in Sources */ = {isa = PBXBuildFile; fileRef = 0DDB2FA221D7CDEE00339101 /* HTZGlobeConst.m */; };
		0DDB2FA621D7CF7200339101 /* HTZNetworkTool.m in Sources */ = {isa = PBXBuildFile; fileRef = 0DDB2FA521D7CF7200339101 /* HTZNetworkTool.m */; };
		0DDB2FA921D7CFCD00339101 /* HTZBaseViewController.m in Sources */ = {isa = PBXBuildFile; fileRef = 0DDB2FA821D7CFCD00339101 /* HTZBaseViewController.m */; };
		0DDB2FAC21D7D0B100339101 /* HTZHomeViewController.m in Sources */ = {isa = PBXBuildFile; fileRef = 0DDB2FAB21D7D0B100339101 /* HTZHomeViewController.m */; };
		0DDB2FAF21D7D0DF00339101 /* HTZOrderViewController.m in Sources */ = {isa = PBXBuildFile; fileRef = 0DDB2FAE21D7D0DF00339101 /* HTZOrderViewController.m */; };
		0DDB2FB221D7D10F00339101 /* HTZPlatformViewController.m in Sources */ = {isa = PBXBuildFile; fileRef = 0DDB2FB121D7D10F00339101 /* HTZPlatformViewController.m */; };
		0DDB2FB521D7D14300339101 /* HTZMeViewController.m in Sources */ = {isa = PBXBuildFile; fileRef = 0DDB2FB421D7D14300339101 /* HTZMeViewController.m */; };
		0DDB2FB921D7D19B00339101 /* HTZLoginViewController.m in Sources */ = {isa = PBXBuildFile; fileRef = 0DDB2FB721D7D19B00339101 /* HTZLoginViewController.m */; };
		0DDB2FBA21D7D19B00339101 /* HTZLoginViewController.xib in Resources */ = {isa = PBXBuildFile; fileRef = 0DDB2FB821D7D19B00339101 /* HTZLoginViewController.xib */; };
		0DE33C9121E10FD600B54302 /* HTZMeTableViewHeader.m in Sources */ = {isa = PBXBuildFile; fileRef = 0DE33C9021E10FD600B54302 /* HTZMeTableViewHeader.m */; };
		0DE33C9321E10FFB00B54302 /* HTZMeTableViewHeader.xib in Resources */ = {isa = PBXBuildFile; fileRef = 0DE33C9221E10FFB00B54302 /* HTZMeTableViewHeader.xib */; };
		0DF0BAE121E0644C004A5573 /* HTZMeViewController.xib in Resources */ = {isa = PBXBuildFile; fileRef = 0DF0BAE021E0644C004A5573 /* HTZMeViewController.xib */; };
		0DF0BAE521E06B63004A5573 /* HTZMeCell.m in Sources */ = {isa = PBXBuildFile; fileRef = 0DF0BAE321E06B63004A5573 /* HTZMeCell.m */; };
		0DF0BAE621E06B63004A5573 /* HTZMeCell.xib in Resources */ = {isa = PBXBuildFile; fileRef = 0DF0BAE421E06B63004A5573 /* HTZMeCell.xib */; };
		0DF0BAE921E06F1A004A5573 /* HTZMeItem.m in Sources */ = {isa = PBXBuildFile; fileRef = 0DF0BAE821E06F1A004A5573 /* HTZMeItem.m */; };
		0DF0BAEB21E07065004A5573 /* HTZMeData.plist in Resources */ = {isa = PBXBuildFile; fileRef = 0DF0BAEA21E07065004A5573 /* HTZMeData.plist */; };
		0DF4B7D221CF6105006E6E80 /* Assets.xcassets in Resources */ = {isa = PBXBuildFile; fileRef = 0DF4B7D121CF6105006E6E80 /* Assets.xcassets */; };
		0DF4B7D521CF6105006E6E80 /* LaunchScreen.storyboard in Resources */ = {isa = PBXBuildFile; fileRef = 0DF4B7D321CF6105006E6E80 /* LaunchScreen.storyboard */; };
		0DF4B7F821CF854D006E6E80 /* main.m in Sources */ = {isa = PBXBuildFile; fileRef = 0DF4B7EF21CF854D006E6E80 /* main.m */; };
		0DF4B7F921CF854D006E6E80 /* AppDelegate.m in Sources */ = {isa = PBXBuildFile; fileRef = 0DF4B7F121CF854D006E6E80 /* AppDelegate.m */; };
		0DF4B80A21CF87CF006E6E80 /* HTZTabBarController.m in Sources */ = {isa = PBXBuildFile; fileRef = 0DF4B80921CF87CF006E6E80 /* HTZTabBarController.m */; };
		0DF4B80D21CF8BF3006E6E80 /* HTZNavigationController.m in Sources */ = {isa = PBXBuildFile; fileRef = 0DF4B80C21CF8BF3006E6E80 /* HTZNavigationController.m */; };
		0DF4B81021CF9166006E6E80 /* UIView+HTZFrame.m in Sources */ = {isa = PBXBuildFile; fileRef = 0DF4B80F21CF9166006E6E80 /* UIView+HTZFrame.m */; };
		0DF4B81321CF9DFA006E6E80 /* UIBarButtonItem+HTZExtension.m in Sources */ = {isa = PBXBuildFile; fileRef = 0DF4B81221CF9DFA006E6E80 /* UIBarButtonItem+HTZExtension.m */; };
		CA6A6106655A472D76F901B0 /* libPods-HaoTongZhi.a in Frameworks */ = {isa = PBXBuildFile; fileRef = 0823FCE57FDF0E59B8B66823 /* libPods-HaoTongZhi.a */; };
/* End PBXBuildFile section */

/* Begin PBXFileReference section */
		0823FCE57FDF0E59B8B66823 /* libPods-HaoTongZhi.a */ = {isa = PBXFileReference; explicitFileType = archive.ar; includeInIndex = 0; path = "libPods-HaoTongZhi.a"; sourceTree = BUILT_PRODUCTS_DIR; };
		0D13956421DA12AF00C2E3A9 /* HTZRegisterViewController.h */ = {isa = PBXFileReference; lastKnownFileType = sourcecode.c.h; path = HTZRegisterViewController.h; sourceTree = "<group>"; };
		0D13956521DA12AF00C2E3A9 /* HTZRegisterViewController.m */ = {isa = PBXFileReference; lastKnownFileType = sourcecode.c.objc; path = HTZRegisterViewController.m; sourceTree = "<group>"; };
		0D13956621DA12AF00C2E3A9 /* HTZRegisterViewController.xib */ = {isa = PBXFileReference; lastKnownFileType = file.xib; path = HTZRegisterViewController.xib; sourceTree = "<group>"; };
		0D13956C21DA52E500C2E3A9 /* CALayer+BorderColor.h */ = {isa = PBXFileReference; lastKnownFileType = sourcecode.c.h; path = "CALayer+BorderColor.h"; sourceTree = "<group>"; };
		0D13956D21DA52E500C2E3A9 /* CALayer+BorderColor.m */ = {isa = PBXFileReference; lastKnownFileType = sourcecode.c.objc; path = "CALayer+BorderColor.m"; sourceTree = "<group>"; };
		0D13956F21DA8E3F00C2E3A9 /* HTZForgetPasswordViewController.h */ = {isa = PBXFileReference; lastKnownFileType = sourcecode.c.h; path = HTZForgetPasswordViewController.h; sourceTree = "<group>"; };
		0D13957021DA8E3F00C2E3A9 /* HTZForgetPasswordViewController.m */ = {isa = PBXFileReference; lastKnownFileType = sourcecode.c.objc; path = HTZForgetPasswordViewController.m; sourceTree = "<group>"; };
		0D13957121DA8E3F00C2E3A9 /* HTZForgetPasswordViewController.xib */ = {isa = PBXFileReference; lastKnownFileType = file.xib; path = HTZForgetPasswordViewController.xib; sourceTree = "<group>"; };
		0D29059D21E1C43600D83D60 /* HTZPersonalInformationViewController.h */ = {isa = PBXFileReference; lastKnownFileType = sourcecode.c.h; path = HTZPersonalInformationViewController.h; sourceTree = "<group>"; };
		0D29059E21E1C43600D83D60 /* HTZPersonalInformationViewController.m */ = {isa = PBXFileReference; lastKnownFileType = sourcecode.c.objc; path = HTZPersonalInformationViewController.m; sourceTree = "<group>"; };
		0D29059F21E1C43600D83D60 /* HTZPersonalInformationViewController.xib */ = {isa = PBXFileReference; lastKnownFileType = file.xib; path = HTZPersonalInformationViewController.xib; sourceTree = "<group>"; };
		0D2905A221E1C7F900D83D60 /* HTZOriginalModifyPasswordViewController.h */ = {isa = PBXFileReference; lastKnownFileType = sourcecode.c.h; path = HTZOriginalModifyPasswordViewController.h; sourceTree = "<group>"; };
		0D2905A321E1C7F900D83D60 /* HTZOriginalModifyPasswordViewController.m */ = {isa = PBXFileReference; lastKnownFileType = sourcecode.c.objc; path = HTZOriginalModifyPasswordViewController.m; sourceTree = "<group>"; };
		0D2905A421E1C7F900D83D60 /* HTZOriginalModifyPasswordViewController.xib */ = {isa = PBXFileReference; lastKnownFileType = file.xib; path = HTZOriginalModifyPasswordViewController.xib; sourceTree = "<group>"; };
		0D2905A721E1C87600D83D60 /* HTZInviteFriendsViewController.h */ = {isa = PBXFileReference; lastKnownFileType = sourcecode.c.h; path = HTZInviteFriendsViewController.h; sourceTree = "<group>"; };
		0D2905A821E1C87600D83D60 /* HTZInviteFriendsViewController.m */ = {isa = PBXFileReference; lastKnownFileType = sourcecode.c.objc; path = HTZInviteFriendsViewController.m; sourceTree = "<group>"; };
		0D2905A921E1C87600D83D60 /* HTZInviteFriendsViewController.xib */ = {isa = PBXFileReference; lastKnownFileType = file.xib; path = HTZInviteFriendsViewController.xib; sourceTree = "<group>"; };
		0D2905AC21E1C8CD00D83D60 /* HTZAdviceFeedbackViewController.h */ = {isa = PBXFileReference; lastKnownFileType = sourcecode.c.h; path = HTZAdviceFeedbackViewController.h; sourceTree = "<group>"; };
		0D2905AD21E1C8CD00D83D60 /* HTZAdviceFeedbackViewController.m */ = {isa = PBXFileReference; lastKnownFileType = sourcecode.c.objc; path = HTZAdviceFeedbackViewController.m; sourceTree = "<group>"; };
		0D2905AE21E1C8CD00D83D60 /* HTZAdviceFeedbackViewController.xib */ = {isa = PBXFileReference; lastKnownFileType = file.xib; path = HTZAdviceFeedbackViewController.xib; sourceTree = "<group>"; };
		0D2905B121E1C91200D83D60 /* HTZSettingViewController.h */ = {isa = PBXFileReference; lastKnownFileType = sourcecode.c.h; path = HTZSettingViewController.h; sourceTree = "<group>"; };
		0D2905B221E1C91200D83D60 /* HTZSettingViewController.m */ = {isa = PBXFileReference; lastKnownFileType = sourcecode.c.objc; path = HTZSettingViewController.m; sourceTree = "<group>"; };
		0D2905B321E1C91200D83D60 /* HTZSettingViewController.xib */ = {isa = PBXFileReference; lastKnownFileType = file.xib; path = HTZSettingViewController.xib; sourceTree = "<group>"; };
		0D38247321DD11D4009C263F /* HTZModifyPasswordViewController.h */ = {isa = PBXFileReference; lastKnownFileType = sourcecode.c.h; path = HTZModifyPasswordViewController.h; sourceTree = "<group>"; };
		0D38247421DD11D4009C263F /* HTZModifyPasswordViewController.m */ = {isa = PBXFileReference; lastKnownFileType = sourcecode.c.objc; path = HTZModifyPasswordViewController.m; sourceTree = "<group>"; };
		0D38247521DD11D4009C263F /* HTZModifyPasswordViewController.xib */ = {isa = PBXFileReference; lastKnownFileType = file.xib; path = HTZModifyPasswordViewController.xib; sourceTree = "<group>"; };
		0D5C0B3821E2573400BA0974 /* HTZSettingData.plist */ = {isa = PBXFileReference; fileEncoding = 4; lastKnownFileType = text.plist.xml; path = HTZSettingData.plist; sourceTree = "<group>"; };
		0D5C0B3A21E2632100BA0974 /* HTZOrderViewController.xib */ = {isa = PBXFileReference; lastKnownFileType = file.xib; path = HTZOrderViewController.xib; sourceTree = "<group>"; };
		0D88173421DE473B00BE96FF /* HTZPerfectInformationViewController.h */ = {isa = PBXFileReference; lastKnownFileType = sourcecode.c.h; path = HTZPerfectInformationViewController.h; sourceTree = "<group>"; };
		0D88173521DE473B00BE96FF /* HTZPerfectInformationViewController.m */ = {isa = PBXFileReference; lastKnownFileType = sourcecode.c.objc; path = HTZPerfectInformationViewController.m; sourceTree = "<group>"; };
		0D88173621DE473B00BE96FF /* HTZPerfectInformationViewController.xib */ = {isa = PBXFileReference; lastKnownFileType = file.xib; path = HTZPerfectInformationViewController.xib; sourceTree = "<group>"; };
		0D88173921DE6DC600BE96FF /* HTZRegisterSuccessViewController.h */ = {isa = PBXFileReference; lastKnownFileType = sourcecode.c.h; path = HTZRegisterSuccessViewController.h; sourceTree = "<group>"; };
		0D88173A21DE6DC600BE96FF /* HTZRegisterSuccessViewController.m */ = {isa = PBXFileReference; lastKnownFileType = sourcecode.c.objc; path = HTZRegisterSuccessViewController.m; sourceTree = "<group>"; };
		0D88173B21DE6DC600BE96FF /* HTZRegisterSuccessViewController.xib */ = {isa = PBXFileReference; lastKnownFileType = file.xib; path = HTZRegisterSuccessViewController.xib; sourceTree = "<group>"; };
		0DDB2F9721D7C62400339101 /* UIColor+HTZHex.h */ = {isa = PBXFileReference; lastKnownFileType = sourcecode.c.h; path = "UIColor+HTZHex.h"; sourceTree = "<group>"; };
		0DDB2F9821D7C62400339101 /* UIColor+HTZHex.m */ = {isa = PBXFileReference; lastKnownFileType = sourcecode.c.objc; path = "UIColor+HTZHex.m"; sourceTree = "<group>"; };
		0DDB2F9A21D7C74100339101 /* NSString+HTZExtension.h */ = {isa = PBXFileReference; lastKnownFileType = sourcecode.c.h; path = "NSString+HTZExtension.h"; sourceTree = "<group>"; };
		0DDB2F9B21D7C74100339101 /* NSString+HTZExtension.m */ = {isa = PBXFileReference; lastKnownFileType = sourcecode.c.objc; path = "NSString+HTZExtension.m"; sourceTree = "<group>"; };
		0DDB2F9D21D7C82F00339101 /* UIView+HTZBezier.h */ = {isa = PBXFileReference; lastKnownFileType = sourcecode.c.h; path = "UIView+HTZBezier.h"; sourceTree = "<group>"; };
		0DDB2F9E21D7C82F00339101 /* UIView+HTZBezier.m */ = {isa = PBXFileReference; lastKnownFileType = sourcecode.c.objc; path = "UIView+HTZBezier.m"; sourceTree = "<group>"; };
		0DDB2FA121D7CDEE00339101 /* HTZGlobeConst.h */ = {isa = PBXFileReference; lastKnownFileType = sourcecode.c.h; path = HTZGlobeConst.h; sourceTree = "<group>"; };
		0DDB2FA221D7CDEE00339101 /* HTZGlobeConst.m */ = {isa = PBXFileReference; lastKnownFileType = sourcecode.c.objc; path = HTZGlobeConst.m; sourceTree = "<group>"; };
		0DDB2FA421D7CF7200339101 /* HTZNetworkTool.h */ = {isa = PBXFileReference; lastKnownFileType = sourcecode.c.h; path = HTZNetworkTool.h; sourceTree = "<group>"; };
		0DDB2FA521D7CF7200339101 /* HTZNetworkTool.m */ = {isa = PBXFileReference; lastKnownFileType = sourcecode.c.objc; path = HTZNetworkTool.m; sourceTree = "<group>"; };
		0DDB2FA721D7CFCD00339101 /* HTZBaseViewController.h */ = {isa = PBXFileReference; lastKnownFileType = sourcecode.c.h; path = HTZBaseViewController.h; sourceTree = "<group>"; };
		0DDB2FA821D7CFCD00339101 /* HTZBaseViewController.m */ = {isa = PBXFileReference; lastKnownFileType = sourcecode.c.objc; path = HTZBaseViewController.m; sourceTree = "<group>"; };
		0DDB2FAA21D7D0B100339101 /* HTZHomeViewController.h */ = {isa = PBXFileReference; lastKnownFileType = sourcecode.c.h; path = HTZHomeViewController.h; sourceTree = "<group>"; };
		0DDB2FAB21D7D0B100339101 /* HTZHomeViewController.m */ = {isa = PBXFileReference; lastKnownFileType = sourcecode.c.objc; path = HTZHomeViewController.m; sourceTree = "<group>"; };
		0DDB2FAD21D7D0DF00339101 /* HTZOrderViewController.h */ = {isa = PBXFileReference; lastKnownFileType = sourcecode.c.h; path = HTZOrderViewController.h; sourceTree = "<group>"; };
		0DDB2FAE21D7D0DF00339101 /* HTZOrderViewController.m */ = {isa = PBXFileReference; lastKnownFileType = sourcecode.c.objc; path = HTZOrderViewController.m; sourceTree = "<group>"; };
		0DDB2FB021D7D10F00339101 /* HTZPlatformViewController.h */ = {isa = PBXFileReference; lastKnownFileType = sourcecode.c.h; path = HTZPlatformViewController.h; sourceTree = "<group>"; };
		0DDB2FB121D7D10F00339101 /* HTZPlatformViewController.m */ = {isa = PBXFileReference; lastKnownFileType = sourcecode.c.objc; path = HTZPlatformViewController.m; sourceTree = "<group>"; };
		0DDB2FB321D7D14300339101 /* HTZMeViewController.h */ = {isa = PBXFileReference; lastKnownFileType = sourcecode.c.h; path = HTZMeViewController.h; sourceTree = "<group>"; };
		0DDB2FB421D7D14300339101 /* HTZMeViewController.m */ = {isa = PBXFileReference; lastKnownFileType = sourcecode.c.objc; path = HTZMeViewController.m; sourceTree = "<group>"; };
		0DDB2FB621D7D19B00339101 /* HTZLoginViewController.h */ = {isa = PBXFileReference; lastKnownFileType = sourcecode.c.h; path = HTZLoginViewController.h; sourceTree = "<group>"; };
		0DDB2FB721D7D19B00339101 /* HTZLoginViewController.m */ = {isa = PBXFileReference; lastKnownFileType = sourcecode.c.objc; path = HTZLoginViewController.m; sourceTree = "<group>"; };
		0DDB2FB821D7D19B00339101 /* HTZLoginViewController.xib */ = {isa = PBXFileReference; lastKnownFileType = file.xib; path = HTZLoginViewController.xib; sourceTree = "<group>"; };
		0DE33C8F21E10FD600B54302 /* HTZMeTableViewHeader.h */ = {isa = PBXFileReference; lastKnownFileType = sourcecode.c.h; path = HTZMeTableViewHeader.h; sourceTree = "<group>"; };
		0DE33C9021E10FD600B54302 /* HTZMeTableViewHeader.m */ = {isa = PBXFileReference; lastKnownFileType = sourcecode.c.objc; path = HTZMeTableViewHeader.m; sourceTree = "<group>"; };
		0DE33C9221E10FFB00B54302 /* HTZMeTableViewHeader.xib */ = {isa = PBXFileReference; lastKnownFileType = file.xib; path = HTZMeTableViewHeader.xib; sourceTree = "<group>"; };
		0DF0BAE021E0644C004A5573 /* HTZMeViewController.xib */ = {isa = PBXFileReference; lastKnownFileType = file.xib; path = HTZMeViewController.xib; sourceTree = "<group>"; };
		0DF0BAE221E06B63004A5573 /* HTZMeCell.h */ = {isa = PBXFileReference; lastKnownFileType = sourcecode.c.h; path = HTZMeCell.h; sourceTree = "<group>"; };
		0DF0BAE321E06B63004A5573 /* HTZMeCell.m */ = {isa = PBXFileReference; lastKnownFileType = sourcecode.c.objc; path = HTZMeCell.m; sourceTree = "<group>"; };
		0DF0BAE421E06B63004A5573 /* HTZMeCell.xib */ = {isa = PBXFileReference; lastKnownFileType = file.xib; path = HTZMeCell.xib; sourceTree = "<group>"; };
		0DF0BAE721E06F1A004A5573 /* HTZMeItem.h */ = {isa = PBXFileReference; lastKnownFileType = sourcecode.c.h; path = HTZMeItem.h; sourceTree = "<group>"; };
		0DF0BAE821E06F1A004A5573 /* HTZMeItem.m */ = {isa = PBXFileReference; lastKnownFileType = sourcecode.c.objc; path = HTZMeItem.m; sourceTree = "<group>"; };
		0DF0BAEA21E07065004A5573 /* HTZMeData.plist */ = {isa = PBXFileReference; lastKnownFileType = text.plist.xml; path = HTZMeData.plist; sourceTree = "<group>"; };
		0DF4B7C521CF6103006E6E80 /* HaoTongZhi.app */ = {isa = PBXFileReference; explicitFileType = wrapper.application; includeInIndex = 0; path = HaoTongZhi.app; sourceTree = BUILT_PRODUCTS_DIR; };
		0DF4B7D121CF6105006E6E80 /* Assets.xcassets */ = {isa = PBXFileReference; lastKnownFileType = folder.assetcatalog; path = Assets.xcassets; sourceTree = "<group>"; };
		0DF4B7D421CF6105006E6E80 /* Base */ = {isa = PBXFileReference; lastKnownFileType = file.storyboard; name = Base; path = Base.lproj/LaunchScreen.storyboard; sourceTree = "<group>"; };
		0DF4B7D621CF6105006E6E80 /* Info.plist */ = {isa = PBXFileReference; lastKnownFileType = text.plist.xml; path = Info.plist; sourceTree = "<group>"; };
		0DF4B7EC21CF854D006E6E80 /* AppDelegate.h */ = {isa = PBXFileReference; fileEncoding = 4; lastKnownFileType = sourcecode.c.h; path = AppDelegate.h; sourceTree = "<group>"; };
		0DF4B7EF21CF854D006E6E80 /* main.m */ = {isa = PBXFileReference; fileEncoding = 4; lastKnownFileType = sourcecode.c.objc; path = main.m; sourceTree = "<group>"; };
		0DF4B7F121CF854D006E6E80 /* AppDelegate.m */ = {isa = PBXFileReference; fileEncoding = 4; lastKnownFileType = sourcecode.c.objc; path = AppDelegate.m; sourceTree = "<group>"; };
		0DF4B80721CF86C8006E6E80 /* HTZPrefixHeader.pch */ = {isa = PBXFileReference; lastKnownFileType = sourcecode.c.h; path = HTZPrefixHeader.pch; sourceTree = "<group>"; };
		0DF4B80821CF87CF006E6E80 /* HTZTabBarController.h */ = {isa = PBXFileReference; lastKnownFileType = sourcecode.c.h; path = HTZTabBarController.h; sourceTree = "<group>"; };
		0DF4B80921CF87CF006E6E80 /* HTZTabBarController.m */ = {isa = PBXFileReference; lastKnownFileType = sourcecode.c.objc; path = HTZTabBarController.m; sourceTree = "<group>"; };
		0DF4B80B21CF8BF3006E6E80 /* HTZNavigationController.h */ = {isa = PBXFileReference; lastKnownFileType = sourcecode.c.h; path = HTZNavigationController.h; sourceTree = "<group>"; };
		0DF4B80C21CF8BF3006E6E80 /* HTZNavigationController.m */ = {isa = PBXFileReference; lastKnownFileType = sourcecode.c.objc; path = HTZNavigationController.m; sourceTree = "<group>"; };
		0DF4B80E21CF9166006E6E80 /* UIView+HTZFrame.h */ = {isa = PBXFileReference; lastKnownFileType = sourcecode.c.h; path = "UIView+HTZFrame.h"; sourceTree = "<group>"; };
		0DF4B80F21CF9166006E6E80 /* UIView+HTZFrame.m */ = {isa = PBXFileReference; lastKnownFileType = sourcecode.c.objc; path = "UIView+HTZFrame.m"; sourceTree = "<group>"; };
		0DF4B81121CF9DFA006E6E80 /* UIBarButtonItem+HTZExtension.h */ = {isa = PBXFileReference; lastKnownFileType = sourcecode.c.h; path = "UIBarButtonItem+HTZExtension.h"; sourceTree = "<group>"; };
		0DF4B81221CF9DFA006E6E80 /* UIBarButtonItem+HTZExtension.m */ = {isa = PBXFileReference; lastKnownFileType = sourcecode.c.objc; path = "UIBarButtonItem+HTZExtension.m"; sourceTree = "<group>"; };
		7CB97FF59BB070DE6DAA605F /* Pods-HaoTongZhi.debug.xcconfig */ = {isa = PBXFileReference; includeInIndex = 1; lastKnownFileType = text.xcconfig; name = "Pods-HaoTongZhi.debug.xcconfig"; path = "Pods/Target Support Files/Pods-HaoTongZhi/Pods-HaoTongZhi.debug.xcconfig"; sourceTree = "<group>"; };
		B4C1D7704FEEB71E8E91C1A7 /* Pods-HaoTongZhi.release.xcconfig */ = {isa = PBXFileReference; includeInIndex = 1; lastKnownFileType = text.xcconfig; name = "Pods-HaoTongZhi.release.xcconfig"; path = "Pods/Target Support Files/Pods-HaoTongZhi/Pods-HaoTongZhi.release.xcconfig"; sourceTree = "<group>"; };
/* End PBXFileReference section */

/* Begin PBXFrameworksBuildPhase section */
		0DF4B7C221CF6103006E6E80 /* Frameworks */ = {
			isa = PBXFrameworksBuildPhase;
			buildActionMask = 2147483647;
			files = (
				CA6A6106655A472D76F901B0 /* libPods-HaoTongZhi.a in Frameworks */,
			);
			runOnlyForDeploymentPostprocessing = 0;
		};
/* End PBXFrameworksBuildPhase section */

/* Begin PBXGroup section */
		07A43900CA89118DB71C0F08 /* Pods */ = {
			isa = PBXGroup;
			children = (
				7CB97FF59BB070DE6DAA605F /* Pods-HaoTongZhi.debug.xcconfig */,
				B4C1D7704FEEB71E8E91C1A7 /* Pods-HaoTongZhi.release.xcconfig */,
			);
			name = Pods;
			sourceTree = "<group>";
		};
		0DDB2FA021D7CDAF00339101 /* Tool */ = {
			isa = PBXGroup;
			children = (
				0DDB2FA121D7CDEE00339101 /* HTZGlobeConst.h */,
				0DDB2FA221D7CDEE00339101 /* HTZGlobeConst.m */,
				0DDB2FA421D7CF7200339101 /* HTZNetworkTool.h */,
				0DDB2FA521D7CF7200339101 /* HTZNetworkTool.m */,
			);
			path = Tool;
			sourceTree = "<group>";
		};
		0DF4B7BC21CF6103006E6E80 = {
			isa = PBXGroup;
			children = (
				0DF4B7C721CF6103006E6E80 /* HaoTongZhi */,
				0DF4B7C621CF6103006E6E80 /* Products */,
				07A43900CA89118DB71C0F08 /* Pods */,
				1CF40E392F59C289C46B2716 /* Frameworks */,
			);
			sourceTree = "<group>";
		};
		0DF4B7C621CF6103006E6E80 /* Products */ = {
			isa = PBXGroup;
			children = (
				0DF4B7C521CF6103006E6E80 /* HaoTongZhi.app */,
			);
			name = Products;
			sourceTree = "<group>";
		};
		0DF4B7C721CF6103006E6E80 /* HaoTongZhi */ = {
			isa = PBXGroup;
			children = (
				0DF4B7DE21CF854D006E6E80 /* Classes */,
				0DF4B7D121CF6105006E6E80 /* Assets.xcassets */,
				0DF4B7D321CF6105006E6E80 /* LaunchScreen.storyboard */,
				0DF4B7D621CF6105006E6E80 /* Info.plist */,
			);
			path = HaoTongZhi;
			sourceTree = "<group>";
		};
		0DF4B7DE21CF854D006E6E80 /* Classes */ = {
			isa = PBXGroup;
			children = (
				0DF4B7E321CF854D006E6E80 /* Home */,
				0DF4B7DF21CF854D006E6E80 /* Order */,
				0DF4B7E721CF854D006E6E80 /* Platform */,
				0DF4B7F221CF854D006E6E80 /* Me */,
				0DF4B7EB21CF854D006E6E80 /* Other */,
			);
			path = Classes;
			sourceTree = "<group>";
		};
		0DF4B7DF21CF854D006E6E80 /* Order */ = {
			isa = PBXGroup;
			children = (
				0DF4B7E021CF854D006E6E80 /* Controller */,
				0DF4B7E121CF854D006E6E80 /* Model */,
				0DF4B7E221CF854D006E6E80 /* View */,
			);
			path = Order;
			sourceTree = "<group>";
		};
		0DF4B7E021CF854D006E6E80 /* Controller */ = {
			isa = PBXGroup;
			children = (
				0DDB2FAD21D7D0DF00339101 /* HTZOrderViewController.h */,
				0DDB2FAE21D7D0DF00339101 /* HTZOrderViewController.m */,
				0D5C0B3A21E2632100BA0974 /* HTZOrderViewController.xib */,
			);
			path = Controller;
			sourceTree = "<group>";
		};
		0DF4B7E121CF854D006E6E80 /* Model */ = {
			isa = PBXGroup;
			children = (
			);
			path = Model;
			sourceTree = "<group>";
		};
		0DF4B7E221CF854D006E6E80 /* View */ = {
			isa = PBXGroup;
			children = (
			);
			path = View;
			sourceTree = "<group>";
		};
		0DF4B7E321CF854D006E6E80 /* Home */ = {
			isa = PBXGroup;
			children = (
				0DF4B7E421CF854D006E6E80 /* Controller */,
				0DF4B7E521CF854D006E6E80 /* Model */,
				0DF4B7E621CF854D006E6E80 /* View */,
			);
			path = Home;
			sourceTree = "<group>";
		};
		0DF4B7E421CF854D006E6E80 /* Controller */ = {
			isa = PBXGroup;
			children = (
				0DDB2FAA21D7D0B100339101 /* HTZHomeViewController.h */,
				0DDB2FAB21D7D0B100339101 /* HTZHomeViewController.m */,
			);
			path = Controller;
			sourceTree = "<group>";
		};
		0DF4B7E521CF854D006E6E80 /* Model */ = {
			isa = PBXGroup;
			children = (
			);
			path = Model;
			sourceTree = "<group>";
		};
		0DF4B7E621CF854D006E6E80 /* View */ = {
			isa = PBXGroup;
			children = (
			);
			path = View;
			sourceTree = "<group>";
		};
		0DF4B7E721CF854D006E6E80 /* Platform */ = {
			isa = PBXGroup;
			children = (
				0DF4B7E821CF854D006E6E80 /* Controller */,
				0DF4B7E921CF854D006E6E80 /* Model */,
				0DF4B7EA21CF854D006E6E80 /* View */,
			);
			path = Platform;
			sourceTree = "<group>";
		};
		0DF4B7E821CF854D006E6E80 /* Controller */ = {
			isa = PBXGroup;
			children = (
				0DDB2FB021D7D10F00339101 /* HTZPlatformViewController.h */,
				0DDB2FB121D7D10F00339101 /* HTZPlatformViewController.m */,
			);
			path = Controller;
			sourceTree = "<group>";
		};
		0DF4B7E921CF854D006E6E80 /* Model */ = {
			isa = PBXGroup;
			children = (
			);
			path = Model;
			sourceTree = "<group>";
		};
		0DF4B7EA21CF854D006E6E80 /* View */ = {
			isa = PBXGroup;
			children = (
			);
			path = View;
			sourceTree = "<group>";
		};
		0DF4B7EB21CF854D006E6E80 /* Other */ = {
			isa = PBXGroup;
			children = (
				0DF4B7EE21CF854D006E6E80 /* Controller */,
				0DF4B7ED21CF854D006E6E80 /* Category */,
				0DF4B7F021CF854D006E6E80 /* View */,
				0DDB2FA021D7CDAF00339101 /* Tool */,
				0DF4B7EF21CF854D006E6E80 /* main.m */,
				0DF4B7EC21CF854D006E6E80 /* AppDelegate.h */,
				0DF4B7F121CF854D006E6E80 /* AppDelegate.m */,
				0DF4B80721CF86C8006E6E80 /* HTZPrefixHeader.pch */,
				0DF0BAEA21E07065004A5573 /* HTZMeData.plist */,
				0D5C0B3821E2573400BA0974 /* HTZSettingData.plist */,
			);
			path = Other;
			sourceTree = "<group>";
		};
		0DF4B7ED21CF854D006E6E80 /* Category */ = {
			isa = PBXGroup;
			children = (
				0DF4B80E21CF9166006E6E80 /* UIView+HTZFrame.h */,
				0DF4B80F21CF9166006E6E80 /* UIView+HTZFrame.m */,
				0DF4B81121CF9DFA006E6E80 /* UIBarButtonItem+HTZExtension.h */,
				0DF4B81221CF9DFA006E6E80 /* UIBarButtonItem+HTZExtension.m */,
				0DDB2F9721D7C62400339101 /* UIColor+HTZHex.h */,
				0DDB2F9821D7C62400339101 /* UIColor+HTZHex.m */,
				0DDB2F9A21D7C74100339101 /* NSString+HTZExtension.h */,
				0DDB2F9B21D7C74100339101 /* NSString+HTZExtension.m */,
				0DDB2F9D21D7C82F00339101 /* UIView+HTZBezier.h */,
				0DDB2F9E21D7C82F00339101 /* UIView+HTZBezier.m */,
				0D13956C21DA52E500C2E3A9 /* CALayer+BorderColor.h */,
				0D13956D21DA52E500C2E3A9 /* CALayer+BorderColor.m */,
			);
			path = Category;
			sourceTree = "<group>";
		};
		0DF4B7EE21CF854D006E6E80 /* Controller */ = {
			isa = PBXGroup;
			children = (
				0DF4B80821CF87CF006E6E80 /* HTZTabBarController.h */,
				0DF4B80921CF87CF006E6E80 /* HTZTabBarController.m */,
				0DF4B80B21CF8BF3006E6E80 /* HTZNavigationController.h */,
				0DF4B80C21CF8BF3006E6E80 /* HTZNavigationController.m */,
				0DDB2FA721D7CFCD00339101 /* HTZBaseViewController.h */,
				0DDB2FA821D7CFCD00339101 /* HTZBaseViewController.m */,
			);
			path = Controller;
			sourceTree = "<group>";
		};
		0DF4B7F021CF854D006E6E80 /* View */ = {
			isa = PBXGroup;
			children = (
			);
			path = View;
			sourceTree = "<group>";
		};
		0DF4B7F221CF854D006E6E80 /* Me */ = {
			isa = PBXGroup;
			children = (
				0DF4B7F321CF854D006E6E80 /* Controller */,
				0DF4B7F621CF854D006E6E80 /* Model */,
				0DF4B7F721CF854D006E6E80 /* View */,
			);
			path = Me;
			sourceTree = "<group>";
		};
		0DF4B7F321CF854D006E6E80 /* Controller */ = {
			isa = PBXGroup;
			children = (
				0DDB2FB321D7D14300339101 /* HTZMeViewController.h */,
				0DDB2FB421D7D14300339101 /* HTZMeViewController.m */,
				0DF0BAE021E0644C004A5573 /* HTZMeViewController.xib */,
				0D29059D21E1C43600D83D60 /* HTZPersonalInformationViewController.h */,
				0D29059E21E1C43600D83D60 /* HTZPersonalInformationViewController.m */,
				0D29059F21E1C43600D83D60 /* HTZPersonalInformationViewController.xib */,
				0D2905A221E1C7F900D83D60 /* HTZOriginalModifyPasswordViewController.h */,
				0D2905A321E1C7F900D83D60 /* HTZOriginalModifyPasswordViewController.m */,
				0D2905A421E1C7F900D83D60 /* HTZOriginalModifyPasswordViewController.xib */,
				0D2905A721E1C87600D83D60 /* HTZInviteFriendsViewController.h */,
				0D2905A821E1C87600D83D60 /* HTZInviteFriendsViewController.m */,
				0D2905A921E1C87600D83D60 /* HTZInviteFriendsViewController.xib */,
				0D2905AC21E1C8CD00D83D60 /* HTZAdviceFeedbackViewController.h */,
				0D2905AD21E1C8CD00D83D60 /* HTZAdviceFeedbackViewController.m */,
				0D2905AE21E1C8CD00D83D60 /* HTZAdviceFeedbackViewController.xib */,
				0D2905B121E1C91200D83D60 /* HTZSettingViewController.h */,
				0D2905B221E1C91200D83D60 /* HTZSettingViewController.m */,
				0D2905B321E1C91200D83D60 /* HTZSettingViewController.xib */,
				0DDB2FB621D7D19B00339101 /* HTZLoginViewController.h */,
				0DDB2FB721D7D19B00339101 /* HTZLoginViewController.m */,
				0DDB2FB821D7D19B00339101 /* HTZLoginViewController.xib */,
				0D13956421DA12AF00C2E3A9 /* HTZRegisterViewController.h */,
				0D13956521DA12AF00C2E3A9 /* HTZRegisterViewController.m */,
				0D13956621DA12AF00C2E3A9 /* HTZRegisterViewController.xib */,
				0D88173421DE473B00BE96FF /* HTZPerfectInformationViewController.h */,
				0D88173521DE473B00BE96FF /* HTZPerfectInformationViewController.m */,
				0D88173621DE473B00BE96FF /* HTZPerfectInformationViewController.xib */,
				0D88173921DE6DC600BE96FF /* HTZRegisterSuccessViewController.h */,
				0D88173A21DE6DC600BE96FF /* HTZRegisterSuccessViewController.m */,
				0D88173B21DE6DC600BE96FF /* HTZRegisterSuccessViewController.xib */,
				0D13956F21DA8E3F00C2E3A9 /* HTZForgetPasswordViewController.h */,
				0D13957021DA8E3F00C2E3A9 /* HTZForgetPasswordViewController.m */,
				0D13957121DA8E3F00C2E3A9 /* HTZForgetPasswordViewController.xib */,
				0D38247321DD11D4009C263F /* HTZModifyPasswordViewController.h */,
				0D38247421DD11D4009C263F /* HTZModifyPasswordViewController.m */,
				0D38247521DD11D4009C263F /* HTZModifyPasswordViewController.xib */,
			);
			path = Controller;
			sourceTree = "<group>";
		};
		0DF4B7F621CF854D006E6E80 /* Model */ = {
			isa = PBXGroup;
			children = (
				0DF0BAE721E06F1A004A5573 /* HTZMeItem.h */,
				0DF0BAE821E06F1A004A5573 /* HTZMeItem.m */,
			);
			path = Model;
			sourceTree = "<group>";
		};
		0DF4B7F721CF854D006E6E80 /* View */ = {
			isa = PBXGroup;
			children = (
				0DF0BAE221E06B63004A5573 /* HTZMeCell.h */,
				0DF0BAE321E06B63004A5573 /* HTZMeCell.m */,
				0DF0BAE421E06B63004A5573 /* HTZMeCell.xib */,
				0DE33C8F21E10FD600B54302 /* HTZMeTableViewHeader.h */,
				0DE33C9021E10FD600B54302 /* HTZMeTableViewHeader.m */,
				0DE33C9221E10FFB00B54302 /* HTZMeTableViewHeader.xib */,
			);
			path = View;
			sourceTree = "<group>";
		};
		1CF40E392F59C289C46B2716 /* Frameworks */ = {
			isa = PBXGroup;
			children = (
				0823FCE57FDF0E59B8B66823 /* libPods-HaoTongZhi.a */,
			);
			name = Frameworks;
			sourceTree = "<group>";
		};
/* End PBXGroup section */

/* Begin PBXNativeTarget section */
		0DF4B7C421CF6103006E6E80 /* HaoTongZhi */ = {
			isa = PBXNativeTarget;
			buildConfigurationList = 0DF4B7DB21CF6105006E6E80 /* Build configuration list for PBXNativeTarget "HaoTongZhi" */;
			buildPhases = (
				269434578FDBF5192F0296C7 /* [CP] Check Pods Manifest.lock */,
				0DF4B7C121CF6103006E6E80 /* Sources */,
				0DF4B7C221CF6103006E6E80 /* Frameworks */,
				0DF4B7C321CF6103006E6E80 /* Resources */,
				F8B28D72DCFD657D069FE1DE /* [CP] Copy Pods Resources */,
			);
			buildRules = (
			);
			dependencies = (
			);
			name = HaoTongZhi;
			productName = HaoTongZhi;
			productReference = 0DF4B7C521CF6103006E6E80 /* HaoTongZhi.app */;
			productType = "com.apple.product-type.application";
		};
/* End PBXNativeTarget section */

/* Begin PBXProject section */
		0DF4B7BD21CF6103006E6E80 /* Project object */ = {
			isa = PBXProject;
			attributes = {
				CLASSPREFIX = HTZ;
				LastUpgradeCheck = 0930;
				ORGANIZATIONNAME = com.cscec.xbjs;
				TargetAttributes = {
					0DF4B7C421CF6103006E6E80 = {
						CreatedOnToolsVersion = 9.3;
					};
				};
			};
			buildConfigurationList = 0DF4B7C021CF6103006E6E80 /* Build configuration list for PBXProject "HaoTongZhi" */;
			compatibilityVersion = "Xcode 9.3";
			developmentRegion = en;
			hasScannedForEncodings = 0;
			knownRegions = (
				en,
				Base,
			);
			mainGroup = 0DF4B7BC21CF6103006E6E80;
			productRefGroup = 0DF4B7C621CF6103006E6E80 /* Products */;
			projectDirPath = "";
			projectRoot = "";
			targets = (
				0DF4B7C421CF6103006E6E80 /* HaoTongZhi */,
			);
		};
/* End PBXProject section */

/* Begin PBXResourcesBuildPhase section */
		0DF4B7C321CF6103006E6E80 /* Resources */ = {
			isa = PBXResourcesBuildPhase;
			buildActionMask = 2147483647;
			files = (
				0DF0BAE621E06B63004A5573 /* HTZMeCell.xib in Resources */,
				0DE33C9321E10FFB00B54302 /* HTZMeTableViewHeader.xib in Resources */,
				0D2905AB21E1C87600D83D60 /* HTZInviteFriendsViewController.xib in Resources */,
				0D88173D21DE6DC600BE96FF /* HTZRegisterSuccessViewController.xib in Resources */,
				0D5C0B3921E2573500BA0974 /* HTZSettingData.plist in Resources */,
				0DF0BAEB21E07065004A5573 /* HTZMeData.plist in Resources */,
				0D13956821DA12AF00C2E3A9 /* HTZRegisterViewController.xib in Resources */,
				0D2905B521E1C91200D83D60 /* HTZSettingViewController.xib in Resources */,
				0D2905A621E1C7F900D83D60 /* HTZOriginalModifyPasswordViewController.xib in Resources */,
				0D88173821DE473C00BE96FF /* HTZPerfectInformationViewController.xib in Resources */,
				0D13957321DA8E3F00C2E3A9 /* HTZForgetPasswordViewController.xib in Resources */,
				0DDB2FBA21D7D19B00339101 /* HTZLoginViewController.xib in Resources */,
				0D2905B021E1C8CD00D83D60 /* HTZAdviceFeedbackViewController.xib in Resources */,
				0DF4B7D521CF6105006E6E80 /* LaunchScreen.storyboard in Resources */,
				0D38247721DD11D4009C263F /* HTZModifyPasswordViewController.xib in Resources */,
				0D2905A121E1C43600D83D60 /* HTZPersonalInformationViewController.xib in Resources */,
				0DF0BAE121E0644C004A5573 /* HTZMeViewController.xib in Resources */,
				0D5C0B3B21E2632100BA0974 /* HTZOrderViewController.xib in Resources */,
				0DF4B7D221CF6105006E6E80 /* Assets.xcassets in Resources */,
			);
			runOnlyForDeploymentPostprocessing = 0;
		};
/* End PBXResourcesBuildPhase section */

/* Begin PBXShellScriptBuildPhase section */
		269434578FDBF5192F0296C7 /* [CP] Check Pods Manifest.lock */ = {
			isa = PBXShellScriptBuildPhase;
			buildActionMask = 2147483647;
			files = (
			);
			inputPaths = (
				"${PODS_PODFILE_DIR_PATH}/Podfile.lock",
				"${PODS_ROOT}/Manifest.lock",
			);
			name = "[CP] Check Pods Manifest.lock";
			outputPaths = (
				"$(DERIVED_FILE_DIR)/Pods-HaoTongZhi-checkManifestLockResult.txt",
			);
			runOnlyForDeploymentPostprocessing = 0;
			shellPath = /bin/sh;
			shellScript = "diff \"${PODS_PODFILE_DIR_PATH}/Podfile.lock\" \"${PODS_ROOT}/Manifest.lock\" > /dev/null\nif [ $? != 0 ] ; then\n    # print error to STDERR\n    echo \"error: The sandbox is not in sync with the Podfile.lock. Run 'pod install' or update your CocoaPods installation.\" >&2\n    exit 1\nfi\n# This output is used by Xcode 'outputs' to avoid re-running this script phase.\necho \"SUCCESS\" > \"${SCRIPT_OUTPUT_FILE_0}\"\n";
			showEnvVarsInLog = 0;
		};
		F8B28D72DCFD657D069FE1DE /* [CP] Copy Pods Resources */ = {
			isa = PBXShellScriptBuildPhase;
			buildActionMask = 2147483647;
			files = (
			);
			inputPaths = (
				"${SRCROOT}/Pods/Target Support Files/Pods-HaoTongZhi/Pods-HaoTongZhi-resources.sh",
				"${PODS_ROOT}/MJRefresh/MJRefresh/MJRefresh.bundle",
				"${PODS_ROOT}/SVProgressHUD/SVProgressHUD/SVProgressHUD.bundle",
			);
			name = "[CP] Copy Pods Resources";
			outputPaths = (
				"${TARGET_BUILD_DIR}/${UNLOCALIZED_RESOURCES_FOLDER_PATH}/MJRefresh.bundle",
				"${TARGET_BUILD_DIR}/${UNLOCALIZED_RESOURCES_FOLDER_PATH}/SVProgressHUD.bundle",
			);
			runOnlyForDeploymentPostprocessing = 0;
			shellPath = /bin/sh;
			shellScript = "\"${SRCROOT}/Pods/Target Support Files/Pods-HaoTongZhi/Pods-HaoTongZhi-resources.sh\"\n";
			showEnvVarsInLog = 0;
		};
/* End PBXShellScriptBuildPhase section */

/* Begin PBXSourcesBuildPhase section */
		0DF4B7C121CF6103006E6E80 /* Sources */ = {
			isa = PBXSourcesBuildPhase;
			buildActionMask = 2147483647;
			files = (
				0DF4B81321CF9DFA006E6E80 /* UIBarButtonItem+HTZExtension.m in Sources */,
				0D2905AA21E1C87600D83D60 /* HTZInviteFriendsViewController.m in Sources */,
				0D2905A521E1C7F900D83D60 /* HTZOriginalModifyPasswordViewController.m in Sources */,
				0D13957221DA8E3F00C2E3A9 /* HTZForgetPasswordViewController.m in Sources */,
				0DDB2FB521D7D14300339101 /* HTZMeViewController.m in Sources */,
				0DDB2F9921D7C62400339101 /* UIColor+HTZHex.m in Sources */,
				0DDB2FA921D7CFCD00339101 /* HTZBaseViewController.m in Sources */,
				0DDB2FB221D7D10F00339101 /* HTZPlatformViewController.m in Sources */,
				0D13956E21DA52E500C2E3A9 /* CALayer+BorderColor.m in Sources */,
				0DDB2FB921D7D19B00339101 /* HTZLoginViewController.m in Sources */,
				0DF4B7F921CF854D006E6E80 /* AppDelegate.m in Sources */,
				0DDB2FAF21D7D0DF00339101 /* HTZOrderViewController.m in Sources */,
				0D88173C21DE6DC600BE96FF /* HTZRegisterSuccessViewController.m in Sources */,
				0D2905A021E1C43600D83D60 /* HTZPersonalInformationViewController.m in Sources */,
				0D13956721DA12AF00C2E3A9 /* HTZRegisterViewController.m in Sources */,
				0D38247621DD11D4009C263F /* HTZModifyPasswordViewController.m in Sources */,
				0D2905AF21E1C8CD00D83D60 /* HTZAdviceFeedbackViewController.m in Sources */,
				0DF4B81021CF9166006E6E80 /* UIView+HTZFrame.m in Sources */,
				0DF4B80A21CF87CF006E6E80 /* HTZTabBarController.m in Sources */,
				0DDB2F9C21D7C74100339101 /* NSString+HTZExtension.m in Sources */,
				0DDB2FA621D7CF7200339101 /* HTZNetworkTool.m in Sources */,
				0DF0BAE921E06F1A004A5573 /* HTZMeItem.m in Sources */,
				0DF4B80D21CF8BF3006E6E80 /* HTZNavigationController.m in Sources */,
				0DDB2FA321D7CDEE00339101 /* HTZGlobeConst.m in Sources */,
				0D88173721DE473C00BE96FF /* HTZPerfectInformationViewController.m in Sources */,
				0DDB2F9F21D7C82F00339101 /* UIView+HTZBezier.m in Sources */,
				0D2905B421E1C91200D83D60 /* HTZSettingViewController.m in Sources */,
				0DF4B7F821CF854D006E6E80 /* main.m in Sources */,
				0DF0BAE521E06B63004A5573 /* HTZMeCell.m in Sources */,
				0DDB2FAC21D7D0B100339101 /* HTZHomeViewController.m in Sources */,
				0DE33C9121E10FD600B54302 /* HTZMeTableViewHeader.m in Sources */,
			);
			runOnlyForDeploymentPostprocessing = 0;
		};
/* End PBXSourcesBuildPhase section */

/* Begin PBXVariantGroup section */
		0DF4B7D321CF6105006E6E80 /* LaunchScreen.storyboard */ = {
			isa = PBXVariantGroup;
			children = (
				0DF4B7D421CF6105006E6E80 /* Base */,
			);
			name = LaunchScreen.storyboard;
			sourceTree = "<group>";
		};
/* End PBXVariantGroup section */

/* Begin XCBuildConfiguration section */
		0DF4B7D921CF6105006E6E80 /* Debug */ = {
			isa = XCBuildConfiguration;
			buildSettings = {
				ALWAYS_SEARCH_USER_PATHS = NO;
				CLANG_ANALYZER_NONNULL = YES;
				CLANG_ANALYZER_NUMBER_OBJECT_CONVERSION = YES_AGGRESSIVE;
				CLANG_CXX_LANGUAGE_STANDARD = "gnu++14";
				CLANG_CXX_LIBRARY = "libc++";
				CLANG_ENABLE_MODULES = YES;
				CLANG_ENABLE_OBJC_ARC = YES;
				CLANG_ENABLE_OBJC_WEAK = YES;
				CLANG_WARN_BLOCK_CAPTURE_AUTORELEASING = YES;
				CLANG_WARN_BOOL_CONVERSION = YES;
				CLANG_WARN_COMMA = YES;
				CLANG_WARN_CONSTANT_CONVERSION = YES;
				CLANG_WARN_DEPRECATED_OBJC_IMPLEMENTATIONS = YES;
				CLANG_WARN_DIRECT_OBJC_ISA_USAGE = YES_ERROR;
				CLANG_WARN_DOCUMENTATION_COMMENTS = YES;
				CLANG_WARN_EMPTY_BODY = YES;
				CLANG_WARN_ENUM_CONVERSION = YES;
				CLANG_WARN_INFINITE_RECURSION = YES;
				CLANG_WARN_INT_CONVERSION = YES;
				CLANG_WARN_NON_LITERAL_NULL_CONVERSION = YES;
				CLANG_WARN_OBJC_IMPLICIT_RETAIN_SELF = YES;
				CLANG_WARN_OBJC_LITERAL_CONVERSION = YES;
				CLANG_WARN_OBJC_ROOT_CLASS = YES_ERROR;
				CLANG_WARN_RANGE_LOOP_ANALYSIS = YES;
				CLANG_WARN_STRICT_PROTOTYPES = YES;
				CLANG_WARN_SUSPICIOUS_MOVE = YES;
				CLANG_WARN_UNGUARDED_AVAILABILITY = YES_AGGRESSIVE;
				CLANG_WARN_UNREACHABLE_CODE = YES;
				CLANG_WARN__DUPLICATE_METHOD_MATCH = YES;
				CODE_SIGN_IDENTITY = "iPhone Developer";
				COPY_PHASE_STRIP = NO;
				DEBUG_INFORMATION_FORMAT = dwarf;
				ENABLE_STRICT_OBJC_MSGSEND = YES;
				ENABLE_TESTABILITY = YES;
				GCC_C_LANGUAGE_STANDARD = gnu11;
				GCC_DYNAMIC_NO_PIC = NO;
				GCC_NO_COMMON_BLOCKS = YES;
				GCC_OPTIMIZATION_LEVEL = 0;
				GCC_PREPROCESSOR_DEFINITIONS = (
					"DEBUG=1",
					"$(inherited)",
				);
				GCC_WARN_64_TO_32_BIT_CONVERSION = YES;
				GCC_WARN_ABOUT_RETURN_TYPE = YES_ERROR;
				GCC_WARN_UNDECLARED_SELECTOR = YES;
				GCC_WARN_UNINITIALIZED_AUTOS = YES_AGGRESSIVE;
				GCC_WARN_UNUSED_FUNCTION = YES;
				GCC_WARN_UNUSED_VARIABLE = YES;
				IPHONEOS_DEPLOYMENT_TARGET = 11.3;
				MTL_ENABLE_DEBUG_INFO = YES;
				ONLY_ACTIVE_ARCH = YES;
				SDKROOT = iphoneos;
			};
			name = Debug;
		};
		0DF4B7DA21CF6105006E6E80 /* Release */ = {
			isa = XCBuildConfiguration;
			buildSettings = {
				ALWAYS_SEARCH_USER_PATHS = NO;
				CLANG_ANALYZER_NONNULL = YES;
				CLANG_ANALYZER_NUMBER_OBJECT_CONVERSION = YES_AGGRESSIVE;
				CLANG_CXX_LANGUAGE_STANDARD = "gnu++14";
				CLANG_CXX_LIBRARY = "libc++";
				CLANG_ENABLE_MODULES = YES;
				CLANG_ENABLE_OBJC_ARC = YES;
				CLANG_ENABLE_OBJC_WEAK = YES;
				CLANG_WARN_BLOCK_CAPTURE_AUTORELEASING = YES;
				CLANG_WARN_BOOL_CONVERSION = YES;
				CLANG_WARN_COMMA = YES;
				CLANG_WARN_CONSTANT_CONVERSION = YES;
				CLANG_WARN_DEPRECATED_OBJC_IMPLEMENTATIONS = YES;
				CLANG_WARN_DIRECT_OBJC_ISA_USAGE = YES_ERROR;
				CLANG_WARN_DOCUMENTATION_COMMENTS = YES;
				CLANG_WARN_EMPTY_BODY = YES;
				CLANG_WARN_ENUM_CONVERSION = YES;
				CLANG_WARN_INFINITE_RECURSION = YES;
				CLANG_WARN_INT_CONVERSION = YES;
				CLANG_WARN_NON_LITERAL_NULL_CONVERSION = YES;
				CLANG_WARN_OBJC_IMPLICIT_RETAIN_SELF = YES;
				CLANG_WARN_OBJC_LITERAL_CONVERSION = YES;
				CLANG_WARN_OBJC_ROOT_CLASS = YES_ERROR;
				CLANG_WARN_RANGE_LOOP_ANALYSIS = YES;
				CLANG_WARN_STRICT_PROTOTYPES = YES;
				CLANG_WARN_SUSPICIOUS_MOVE = YES;
				CLANG_WARN_UNGUARDED_AVAILABILITY = YES_AGGRESSIVE;
				CLANG_WARN_UNREACHABLE_CODE = YES;
				CLANG_WARN__DUPLICATE_METHOD_MATCH = YES;
				CODE_SIGN_IDENTITY = "iPhone Developer";
				COPY_PHASE_STRIP = NO;
				DEBUG_INFORMATION_FORMAT = "dwarf-with-dsym";
				ENABLE_NS_ASSERTIONS = NO;
				ENABLE_STRICT_OBJC_MSGSEND = YES;
				GCC_C_LANGUAGE_STANDARD = gnu11;
				GCC_NO_COMMON_BLOCKS = YES;
				GCC_WARN_64_TO_32_BIT_CONVERSION = YES;
				GCC_WARN_ABOUT_RETURN_TYPE = YES_ERROR;
				GCC_WARN_UNDECLARED_SELECTOR = YES;
				GCC_WARN_UNINITIALIZED_AUTOS = YES_AGGRESSIVE;
				GCC_WARN_UNUSED_FUNCTION = YES;
				GCC_WARN_UNUSED_VARIABLE = YES;
				IPHONEOS_DEPLOYMENT_TARGET = 11.3;
				MTL_ENABLE_DEBUG_INFO = NO;
				SDKROOT = iphoneos;
				VALIDATE_PRODUCT = YES;
			};
			name = Release;
		};
		0DF4B7DC21CF6105006E6E80 /* Debug */ = {
			isa = XCBuildConfiguration;
			baseConfigurationReference = 7CB97FF59BB070DE6DAA605F /* Pods-HaoTongZhi.debug.xcconfig */;
			buildSettings = {
				ASSETCATALOG_COMPILER_APPICON_NAME = AppIcon;
				CODE_SIGN_IDENTITY = "iPhone Developer";
				CODE_SIGN_STYLE = Automatic;
				DEVELOPMENT_TEAM = B5479YZ2SB;
				GCC_PRECOMPILE_PREFIX_HEADER = NO;
				GCC_PREFIX_HEADER = HaoTongZhi/Classes/Other/HTZPrefixHeader.pch;
				INFOPLIST_FILE = HaoTongZhi/Info.plist;
				IPHONEOS_DEPLOYMENT_TARGET = 8.0;
				LD_RUNPATH_SEARCH_PATHS = (
					"$(inherited)",
					"@executable_path/Frameworks",
				);
				PRODUCT_BUNDLE_IDENTIFIER = com.cscec.xbjs.htz.pgapp;
				PRODUCT_NAME = "$(TARGET_NAME)";
				PROVISIONING_PROFILE_SPECIFIER = "";
				TARGETED_DEVICE_FAMILY = "1,2";
			};
			name = Debug;
		};
		0DF4B7DD21CF6105006E6E80 /* Release */ = {
			isa = XCBuildConfiguration;
			baseConfigurationReference = B4C1D7704FEEB71E8E91C1A7 /* Pods-HaoTongZhi.release.xcconfig */;
			buildSettings = {
				ASSETCATALOG_COMPILER_APPICON_NAME = AppIcon;
				CODE_SIGN_IDENTITY = "iPhone Developer";
				CODE_SIGN_STYLE = Automatic;
				DEVELOPMENT_TEAM = B5479YZ2SB;
				GCC_PRECOMPILE_PREFIX_HEADER = NO;
				GCC_PREFIX_HEADER = HaoTongZhi/Classes/Other/HTZPrefixHeader.pch;
				INFOPLIST_FILE = HaoTongZhi/Info.plist;
				IPHONEOS_DEPLOYMENT_TARGET = 8.0;
				LD_RUNPATH_SEARCH_PATHS = (
					"$(inherited)",
					"@executable_path/Frameworks",
				);
				PRODUCT_BUNDLE_IDENTIFIER = com.cscec.xbjs.htz.pgapp;
				PRODUCT_NAME = "$(TARGET_NAME)";
				PROVISIONING_PROFILE_SPECIFIER = "";
				TARGETED_DEVICE_FAMILY = "1,2";
			};
			name = Release;
		};
/* End XCBuildConfiguration section */

/* Begin XCConfigurationList section */
		0DF4B7C021CF6103006E6E80 /* Build configuration list for PBXProject "HaoTongZhi" */ = {
			isa = XCConfigurationList;
			buildConfigurations = (
				0DF4B7D921CF6105006E6E80 /* Debug */,
				0DF4B7DA21CF6105006E6E80 /* Release */,
			);
			defaultConfigurationIsVisible = 0;
			defaultConfigurationName = Release;
		};
		0DF4B7DB21CF6105006E6E80 /* Build configuration list for PBXNativeTarget "HaoTongZhi" */ = {
			isa = XCConfigurationList;
			buildConfigurations = (
				0DF4B7DC21CF6105006E6E80 /* Debug */,
				0DF4B7DD21CF6105006E6E80 /* Release */,
			);
			defaultConfigurationIsVisible = 0;
			defaultConfigurationName = Release;
		};
/* End XCConfigurationList section */
	};
	rootObject = 0DF4B7BD21CF6103006E6E80 /* Project object */;
}
